// !$*UTF8*$!
{
	archiveVersion = 1;
	classes = {
	};
	objectVersion = 50;
	objects = {

/* Begin PBXBuildFile section */
		99F926DB266F4A4E006A210A /* WorkoutViewController.swift in Sources */ = {isa = PBXBuildFile; fileRef = 99F926DA266F4A4E006A210A /* WorkoutViewController.swift */; };
		99F926DD266F7498006A210A /* MediumInfoCardView.swift in Sources */ = {isa = PBXBuildFile; fileRef = 99F926DC266F7498006A210A /* MediumInfoCardView.swift */; };
		99F926DF266F74BF006A210A /* MediumInfoCardView.xib in Resources */ = {isa = PBXBuildFile; fileRef = 99F926DE266F74BF006A210A /* MediumInfoCardView.xib */; };
		99F926E6266FBA83006A210A /* MovementDetailView.storyboard in Resources */ = {isa = PBXBuildFile; fileRef = 99F926E5266FBA83006A210A /* MovementDetailView.storyboard */; };
		99F926E8266FC0AE006A210A /* MovementDetailViewController.swift in Sources */ = {isa = PBXBuildFile; fileRef = 99F926E7266FC0AE006A210A /* MovementDetailViewController.swift */; };
		99F926EC266FC811006A210A /* MovementDetailTableViewCell.swift in Sources */ = {isa = PBXBuildFile; fileRef = 99F926EB266FC811006A210A /* MovementDetailTableViewCell.swift */; };
		99F926EE2670DB6B006A210A /* HowToDo.storyboard in Resources */ = {isa = PBXBuildFile; fileRef = 99F926ED2670DB6B006A210A /* HowToDo.storyboard */; };
		99F926F02670DE9E006A210A /* HowToDoViewController.swift in Sources */ = {isa = PBXBuildFile; fileRef = 99F926EF2670DE9E006A210A /* HowToDoViewController.swift */; };
		99F926F22670E25F006A210A /* HowToTableViewCell.swift in Sources */ = {isa = PBXBuildFile; fileRef = 99F926F12670E25F006A210A /* HowToTableViewCell.swift */; };
		B71903A5266FDE3200D34212 /* Movement+CoreDataClass.swift in Sources */ = {isa = PBXBuildFile; fileRef = B719039F266FDE3200D34212 /* Movement+CoreDataClass.swift */; };
		B71903A6266FDE3200D34212 /* Movement+CoreDataProperties.swift in Sources */ = {isa = PBXBuildFile; fileRef = B71903A0266FDE3200D34212 /* Movement+CoreDataProperties.swift */; };
		B71903A7266FDE3200D34212 /* User+CoreDataClass.swift in Sources */ = {isa = PBXBuildFile; fileRef = B71903A1266FDE3200D34212 /* User+CoreDataClass.swift */; };
		B71903A8266FDE3200D34212 /* User+CoreDataProperties.swift in Sources */ = {isa = PBXBuildFile; fileRef = B71903A2266FDE3200D34212 /* User+CoreDataProperties.swift */; };
		B71903A9266FDE3200D34212 /* Workout+CoreDataClass.swift in Sources */ = {isa = PBXBuildFile; fileRef = B71903A3266FDE3200D34212 /* Workout+CoreDataClass.swift */; };
		B71903AA266FDE3200D34212 /* Workout+CoreDataProperties.swift in Sources */ = {isa = PBXBuildFile; fileRef = B71903A4266FDE3200D34212 /* Workout+CoreDataProperties.swift */; };
		B71903AC266FDE5000D34212 /* CoreDataManager.swift in Sources */ = {isa = PBXBuildFile; fileRef = B71903AB266FDE5000D34212 /* CoreDataManager.swift */; };
		B7B4BA7D266FA78200B0E6A0 /* Movement.swift in Sources */ = {isa = PBXBuildFile; fileRef = B7B4BA7C266FA78200B0E6A0 /* Movement.swift */; };
		B7C7A14C266E7E38007DB473 /* AppDelegate.swift in Sources */ = {isa = PBXBuildFile; fileRef = B7C7A14B266E7E38007DB473 /* AppDelegate.swift */; };
		B7C7A14E266E7E38007DB473 /* SceneDelegate.swift in Sources */ = {isa = PBXBuildFile; fileRef = B7C7A14D266E7E38007DB473 /* SceneDelegate.swift */; };
		B7C7A156266E7E38007DB473 /* Oktana.xcdatamodeld in Sources */ = {isa = PBXBuildFile; fileRef = B7C7A154266E7E38007DB473 /* Oktana.xcdatamodeld */; };
		B7C7A158266E7E39007DB473 /* Assets.xcassets in Resources */ = {isa = PBXBuildFile; fileRef = B7C7A157266E7E39007DB473 /* Assets.xcassets */; };
		B7C7A15B266E7E39007DB473 /* LaunchScreen.storyboard in Resources */ = {isa = PBXBuildFile; fileRef = B7C7A159266E7E39007DB473 /* LaunchScreen.storyboard */; };
		B7C7A180266E89D9007DB473 /* Root.storyboard in Resources */ = {isa = PBXBuildFile; fileRef = B7C7A17F266E89D9007DB473 /* Root.storyboard */; };
		B7C7A18F266E932F007DB473 /* Workout.storyboard in Resources */ = {isa = PBXBuildFile; fileRef = B7C7A18E266E932F007DB473 /* Workout.storyboard */; };
		B7C7A193266E9359007DB473 /* Skill Tree.storyboard in Resources */ = {isa = PBXBuildFile; fileRef = B7C7A192266E9359007DB473 /* Skill Tree.storyboard */; };
		B7C7A196266E937B007DB473 /* Progress.storyboard in Resources */ = {isa = PBXBuildFile; fileRef = B7C7A195266E937B007DB473 /* Progress.storyboard */; };
/* End PBXBuildFile section */

/* Begin PBXFileReference section */
		99F926DA266F4A4E006A210A /* WorkoutViewController.swift */ = {isa = PBXFileReference; lastKnownFileType = sourcecode.swift; path = WorkoutViewController.swift; sourceTree = "<group>"; };
		99F926DC266F7498006A210A /* MediumInfoCardView.swift */ = {isa = PBXFileReference; lastKnownFileType = sourcecode.swift; path = MediumInfoCardView.swift; sourceTree = "<group>"; };
		99F926DE266F74BF006A210A /* MediumInfoCardView.xib */ = {isa = PBXFileReference; lastKnownFileType = file.xib; path = MediumInfoCardView.xib; sourceTree = "<group>"; };
		99F926E5266FBA83006A210A /* MovementDetailView.storyboard */ = {isa = PBXFileReference; lastKnownFileType = file.storyboard; path = MovementDetailView.storyboard; sourceTree = "<group>"; };
		99F926E7266FC0AE006A210A /* MovementDetailViewController.swift */ = {isa = PBXFileReference; lastKnownFileType = sourcecode.swift; path = MovementDetailViewController.swift; sourceTree = "<group>"; };
		99F926EB266FC811006A210A /* MovementDetailTableViewCell.swift */ = {isa = PBXFileReference; lastKnownFileType = sourcecode.swift; path = MovementDetailTableViewCell.swift; sourceTree = "<group>"; };
		99F926ED2670DB6B006A210A /* HowToDo.storyboard */ = {isa = PBXFileReference; lastKnownFileType = file.storyboard; path = HowToDo.storyboard; sourceTree = "<group>"; };
		99F926EF2670DE9E006A210A /* HowToDoViewController.swift */ = {isa = PBXFileReference; lastKnownFileType = sourcecode.swift; path = HowToDoViewController.swift; sourceTree = "<group>"; };
		99F926F12670E25F006A210A /* HowToTableViewCell.swift */ = {isa = PBXFileReference; lastKnownFileType = sourcecode.swift; path = HowToTableViewCell.swift; sourceTree = "<group>"; };
		B719039F266FDE3200D34212 /* Movement+CoreDataClass.swift */ = {isa = PBXFileReference; lastKnownFileType = sourcecode.swift; path = "Movement+CoreDataClass.swift"; sourceTree = "<group>"; };
		B71903A0266FDE3200D34212 /* Movement+CoreDataProperties.swift */ = {isa = PBXFileReference; lastKnownFileType = sourcecode.swift; path = "Movement+CoreDataProperties.swift"; sourceTree = "<group>"; };
		B71903A1266FDE3200D34212 /* User+CoreDataClass.swift */ = {isa = PBXFileReference; lastKnownFileType = sourcecode.swift; path = "User+CoreDataClass.swift"; sourceTree = "<group>"; };
		B71903A2266FDE3200D34212 /* User+CoreDataProperties.swift */ = {isa = PBXFileReference; lastKnownFileType = sourcecode.swift; path = "User+CoreDataProperties.swift"; sourceTree = "<group>"; };
		B71903A3266FDE3200D34212 /* Workout+CoreDataClass.swift */ = {isa = PBXFileReference; lastKnownFileType = sourcecode.swift; path = "Workout+CoreDataClass.swift"; sourceTree = "<group>"; };
		B71903A4266FDE3200D34212 /* Workout+CoreDataProperties.swift */ = {isa = PBXFileReference; lastKnownFileType = sourcecode.swift; path = "Workout+CoreDataProperties.swift"; sourceTree = "<group>"; };
		B71903AB266FDE5000D34212 /* CoreDataManager.swift */ = {isa = PBXFileReference; lastKnownFileType = sourcecode.swift; path = CoreDataManager.swift; sourceTree = "<group>"; };
		B7B4BA7C266FA78200B0E6A0 /* Movement.swift */ = {isa = PBXFileReference; lastKnownFileType = sourcecode.swift; path = Movement.swift; sourceTree = "<group>"; };
		B7C7A148266E7E38007DB473 /* Oktana.app */ = {isa = PBXFileReference; explicitFileType = wrapper.application; includeInIndex = 0; path = Oktana.app; sourceTree = BUILT_PRODUCTS_DIR; };
		B7C7A14B266E7E38007DB473 /* AppDelegate.swift */ = {isa = PBXFileReference; lastKnownFileType = sourcecode.swift; path = AppDelegate.swift; sourceTree = "<group>"; };
		B7C7A14D266E7E38007DB473 /* SceneDelegate.swift */ = {isa = PBXFileReference; lastKnownFileType = sourcecode.swift; path = SceneDelegate.swift; sourceTree = "<group>"; };
		B7C7A155266E7E38007DB473 /* Oktana.xcdatamodel */ = {isa = PBXFileReference; lastKnownFileType = wrapper.xcdatamodel; path = Oktana.xcdatamodel; sourceTree = "<group>"; };
		B7C7A157266E7E39007DB473 /* Assets.xcassets */ = {isa = PBXFileReference; lastKnownFileType = folder.assetcatalog; path = Assets.xcassets; sourceTree = "<group>"; };
		B7C7A15A266E7E39007DB473 /* Base */ = {isa = PBXFileReference; lastKnownFileType = file.storyboard; name = Base; path = Base.lproj/LaunchScreen.storyboard; sourceTree = "<group>"; };
		B7C7A15C266E7E39007DB473 /* Info.plist */ = {isa = PBXFileReference; lastKnownFileType = text.plist.xml; path = Info.plist; sourceTree = "<group>"; };
		B7C7A17F266E89D9007DB473 /* Root.storyboard */ = {isa = PBXFileReference; lastKnownFileType = file.storyboard; path = Root.storyboard; sourceTree = "<group>"; };
		B7C7A18E266E932F007DB473 /* Workout.storyboard */ = {isa = PBXFileReference; fileEncoding = 4; lastKnownFileType = file.storyboard; path = Workout.storyboard; sourceTree = "<group>"; };
		B7C7A192266E9359007DB473 /* Skill Tree.storyboard */ = {isa = PBXFileReference; fileEncoding = 4; lastKnownFileType = file.storyboard; path = "Skill Tree.storyboard"; sourceTree = "<group>"; };
		B7C7A195266E937B007DB473 /* Progress.storyboard */ = {isa = PBXFileReference; fileEncoding = 4; lastKnownFileType = file.storyboard; path = Progress.storyboard; sourceTree = "<group>"; };
/* End PBXFileReference section */

/* Begin PBXFrameworksBuildPhase section */
		B7C7A145266E7E38007DB473 /* Frameworks */ = {
			isa = PBXFrameworksBuildPhase;
			buildActionMask = 2147483647;
			files = (
			);
			runOnlyForDeploymentPostprocessing = 0;
		};
/* End PBXFrameworksBuildPhase section */

/* Begin PBXGroup section */
		99F926E4266F9199006A210A /* Reusable Components */ = {
			isa = PBXGroup;
			children = (
				99F926DC266F7498006A210A /* MediumInfoCardView.swift */,
				99F926DE266F74BF006A210A /* MediumInfoCardView.xib */,
			);
			path = "Reusable Components";
			sourceTree = "<group>";
		};
		B719039E266FDD5A00D34212 /* Managed Object Subclass */ = {
			isa = PBXGroup;
			children = (
				B719039F266FDE3200D34212 /* Movement+CoreDataClass.swift */,
				B71903A0266FDE3200D34212 /* Movement+CoreDataProperties.swift */,
				B71903A1266FDE3200D34212 /* User+CoreDataClass.swift */,
				B71903A2266FDE3200D34212 /* User+CoreDataProperties.swift */,
				B71903A3266FDE3200D34212 /* Workout+CoreDataClass.swift */,
				B71903A4266FDE3200D34212 /* Workout+CoreDataProperties.swift */,
			);
			path = "Managed Object Subclass";
			sourceTree = "<group>";
		};
		B7C7A13F266E7E38007DB473 = {
			isa = PBXGroup;
			children = (
				B7C7A14A266E7E38007DB473 /* Oktana */,
				B7C7A149266E7E38007DB473 /* Products */,
			);
			sourceTree = "<group>";
		};
		B7C7A149266E7E38007DB473 /* Products */ = {
			isa = PBXGroup;
			children = (
				B7C7A148266E7E38007DB473 /* Oktana.app */,
			);
			name = Products;
			sourceTree = "<group>";
		};
		B7C7A14A266E7E38007DB473 /* Oktana */ = {
			isa = PBXGroup;
			children = (
				B7C7A163266E8029007DB473 /* Movement Model */,
				B7C7A164266E803C007DB473 /* App */,
				B7C7A165266E8058007DB473 /* Module */,
				99F926E4266F9199006A210A /* Reusable Components */,
				B7C7A166266E8070007DB473 /* Manager */,
				B7C7A167266E807D007DB473 /* Resources */,
				B7C7A15C266E7E39007DB473 /* Info.plist */,
			);
			path = Oktana;
			sourceTree = "<group>";
		};
		B7C7A163266E8029007DB473 /* Movement Model */ = {
			isa = PBXGroup;
			children = (
				B7B4BA7C266FA78200B0E6A0 /* Movement.swift */,
			);
			path = "Movement Model";
			sourceTree = "<group>";
		};
		B7C7A164266E803C007DB473 /* App */ = {
			isa = PBXGroup;
			children = (
				B7C7A14B266E7E38007DB473 /* AppDelegate.swift */,
				B7C7A14D266E7E38007DB473 /* SceneDelegate.swift */,
			);
			path = App;
			sourceTree = "<group>";
		};
		B7C7A165266E8058007DB473 /* Module */ = {
			isa = PBXGroup;
			children = (
				B7C7A17F266E89D9007DB473 /* Root.storyboard */,
				B7C7A16D266E81D7007DB473 /* Intro */,
				B7C7A199266E938F007DB473 /* Skill Tree Page */,
				B7C7A198266E9383007DB473 /* Workout Page */,
				B7C7A19A266E9398007DB473 /* Progress Page */,
			);
			path = Module;
			sourceTree = "<group>";
		};
		B7C7A166266E8070007DB473 /* Manager */ = {
			isa = PBXGroup;
			children = (
				B7C7A19B266E947B007DB473 /* Core Data Manager */,
			);
			path = Manager;
			sourceTree = "<group>";
		};
		B7C7A167266E807D007DB473 /* Resources */ = {
			isa = PBXGroup;
			children = (
				B7C7A157266E7E39007DB473 /* Assets.xcassets */,
			);
			path = Resources;
			sourceTree = "<group>";
		};
		B7C7A16D266E81D7007DB473 /* Intro */ = {
			isa = PBXGroup;
			children = (
				B7C7A159266E7E39007DB473 /* LaunchScreen.storyboard */,
			);
			path = Intro;
			sourceTree = "<group>";
		};
		B7C7A198266E9383007DB473 /* Workout Page */ = {
			isa = PBXGroup;
			children = (
				B7C7A18E266E932F007DB473 /* Workout.storyboard */,
				99F926DA266F4A4E006A210A /* WorkoutViewController.swift */,
				99F926E5266FBA83006A210A /* MovementDetailView.storyboard */,
				99F926E7266FC0AE006A210A /* MovementDetailViewController.swift */,
				99F926EB266FC811006A210A /* MovementDetailTableViewCell.swift */,
				99F926ED2670DB6B006A210A /* HowToDo.storyboard */,
				99F926EF2670DE9E006A210A /* HowToDoViewController.swift */,
				99F926F12670E25F006A210A /* HowToTableViewCell.swift */,
			);
			path = "Workout Page";
			sourceTree = "<group>";
		};
		B7C7A199266E938F007DB473 /* Skill Tree Page */ = {
			isa = PBXGroup;
			children = (
				B7C7A192266E9359007DB473 /* Skill Tree.storyboard */,
			);
			path = "Skill Tree Page";
			sourceTree = "<group>";
		};
		B7C7A19A266E9398007DB473 /* Progress Page */ = {
			isa = PBXGroup;
			children = (
				B7C7A195266E937B007DB473 /* Progress.storyboard */,
			);
			path = "Progress Page";
			sourceTree = "<group>";
		};
		B7C7A19B266E947B007DB473 /* Core Data Manager */ = {
			isa = PBXGroup;
			children = (
				B719039E266FDD5A00D34212 /* Managed Object Subclass */,
				B7C7A154266E7E38007DB473 /* Oktana.xcdatamodeld */,
				B71903AB266FDE5000D34212 /* CoreDataManager.swift */,
			);
			path = "Core Data Manager";
			sourceTree = "<group>";
		};
/* End PBXGroup section */

/* Begin PBXNativeTarget section */
		B7C7A147266E7E38007DB473 /* Oktana */ = {
			isa = PBXNativeTarget;
			buildConfigurationList = B7C7A15F266E7E39007DB473 /* Build configuration list for PBXNativeTarget "Oktana" */;
			buildPhases = (
				B7C7A144266E7E38007DB473 /* Sources */,
				B7C7A145266E7E38007DB473 /* Frameworks */,
				B7C7A146266E7E38007DB473 /* Resources */,
			);
			buildRules = (
			);
			dependencies = (
			);
			name = Oktana;
			productName = Oktana;
			productReference = B7C7A148266E7E38007DB473 /* Oktana.app */;
			productType = "com.apple.product-type.application";
		};
/* End PBXNativeTarget section */

/* Begin PBXProject section */
		B7C7A140266E7E38007DB473 /* Project object */ = {
			isa = PBXProject;
			attributes = {
				LastSwiftUpdateCheck = 1240;
				LastUpgradeCheck = 1240;
				TargetAttributes = {
					B7C7A147266E7E38007DB473 = {
						CreatedOnToolsVersion = 12.4;
					};
				};
			};
			buildConfigurationList = B7C7A143266E7E38007DB473 /* Build configuration list for PBXProject "Oktana" */;
			compatibilityVersion = "Xcode 9.3";
			developmentRegion = en;
			hasScannedForEncodings = 0;
			knownRegions = (
				en,
				Base,
			);
			mainGroup = B7C7A13F266E7E38007DB473;
			productRefGroup = B7C7A149266E7E38007DB473 /* Products */;
			projectDirPath = "";
			projectRoot = "";
			targets = (
				B7C7A147266E7E38007DB473 /* Oktana */,
			);
		};
/* End PBXProject section */

/* Begin PBXResourcesBuildPhase section */
		B7C7A146266E7E38007DB473 /* Resources */ = {
			isa = PBXResourcesBuildPhase;
			buildActionMask = 2147483647;
			files = (
				99F926EE2670DB6B006A210A /* HowToDo.storyboard in Resources */,
				99F926DF266F74BF006A210A /* MediumInfoCardView.xib in Resources */,
				B7C7A18F266E932F007DB473 /* Workout.storyboard in Resources */,
				B7C7A193266E9359007DB473 /* Skill Tree.storyboard in Resources */,
				B7C7A180266E89D9007DB473 /* Root.storyboard in Resources */,
				B7C7A196266E937B007DB473 /* Progress.storyboard in Resources */,
				99F926E6266FBA83006A210A /* MovementDetailView.storyboard in Resources */,
				B7C7A15B266E7E39007DB473 /* LaunchScreen.storyboard in Resources */,
				B7C7A158266E7E39007DB473 /* Assets.xcassets in Resources */,
			);
			runOnlyForDeploymentPostprocessing = 0;
		};
/* End PBXResourcesBuildPhase section */

/* Begin PBXSourcesBuildPhase section */
		B7C7A144266E7E38007DB473 /* Sources */ = {
			isa = PBXSourcesBuildPhase;
			buildActionMask = 2147483647;
			files = (
				99F926E8266FC0AE006A210A /* MovementDetailViewController.swift in Sources */,
				99F926DB266F4A4E006A210A /* WorkoutViewController.swift in Sources */,
				B7C7A156266E7E38007DB473 /* Oktana.xcdatamodeld in Sources */,
				B7B4BA7D266FA78200B0E6A0 /* Movement.swift in Sources */,
				B71903A5266FDE3200D34212 /* Movement+CoreDataClass.swift in Sources */,
				B7C7A14C266E7E38007DB473 /* AppDelegate.swift in Sources */,
				B71903A7266FDE3200D34212 /* User+CoreDataClass.swift in Sources */,
				B71903AA266FDE3200D34212 /* Workout+CoreDataProperties.swift in Sources */,
				B71903AC266FDE5000D34212 /* CoreDataManager.swift in Sources */,
				99F926F02670DE9E006A210A /* HowToDoViewController.swift in Sources */,
				B7C7A14E266E7E38007DB473 /* SceneDelegate.swift in Sources */,
				B71903A6266FDE3200D34212 /* Movement+CoreDataProperties.swift in Sources */,
				B71903A8266FDE3200D34212 /* User+CoreDataProperties.swift in Sources */,
				99F926DD266F7498006A210A /* MediumInfoCardView.swift in Sources */,
				99F926F22670E25F006A210A /* HowToTableViewCell.swift in Sources */,
				B71903A9266FDE3200D34212 /* Workout+CoreDataClass.swift in Sources */,
				99F926EC266FC811006A210A /* MovementDetailTableViewCell.swift in Sources */,
			);
			runOnlyForDeploymentPostprocessing = 0;
		};
/* End PBXSourcesBuildPhase section */

/* Begin PBXVariantGroup section */
		B7C7A159266E7E39007DB473 /* LaunchScreen.storyboard */ = {
			isa = PBXVariantGroup;
			children = (
				B7C7A15A266E7E39007DB473 /* Base */,
			);
			name = LaunchScreen.storyboard;
			sourceTree = "<group>";
		};
/* End PBXVariantGroup section */

/* Begin XCBuildConfiguration section */
		B7C7A15D266E7E39007DB473 /* Debug */ = {
			isa = XCBuildConfiguration;
			buildSettings = {
				ALWAYS_SEARCH_USER_PATHS = NO;
				CLANG_ANALYZER_NONNULL = YES;
				CLANG_ANALYZER_NUMBER_OBJECT_CONVERSION = YES_AGGRESSIVE;
				CLANG_CXX_LANGUAGE_STANDARD = "gnu++14";
				CLANG_CXX_LIBRARY = "libc++";
				CLANG_ENABLE_MODULES = YES;
				CLANG_ENABLE_OBJC_ARC = YES;
				CLANG_ENABLE_OBJC_WEAK = YES;
				CLANG_WARN_BLOCK_CAPTURE_AUTORELEASING = YES;
				CLANG_WARN_BOOL_CONVERSION = YES;
				CLANG_WARN_COMMA = YES;
				CLANG_WARN_CONSTANT_CONVERSION = YES;
				CLANG_WARN_DEPRECATED_OBJC_IMPLEMENTATIONS = YES;
				CLANG_WARN_DIRECT_OBJC_ISA_USAGE = YES_ERROR;
				CLANG_WARN_DOCUMENTATION_COMMENTS = YES;
				CLANG_WARN_EMPTY_BODY = YES;
				CLANG_WARN_ENUM_CONVERSION = YES;
				CLANG_WARN_INFINITE_RECURSION = YES;
				CLANG_WARN_INT_CONVERSION = YES;
				CLANG_WARN_NON_LITERAL_NULL_CONVERSION = YES;
				CLANG_WARN_OBJC_IMPLICIT_RETAIN_SELF = YES;
				CLANG_WARN_OBJC_LITERAL_CONVERSION = YES;
				CLANG_WARN_OBJC_ROOT_CLASS = YES_ERROR;
				CLANG_WARN_QUOTED_INCLUDE_IN_FRAMEWORK_HEADER = YES;
				CLANG_WARN_RANGE_LOOP_ANALYSIS = YES;
				CLANG_WARN_STRICT_PROTOTYPES = YES;
				CLANG_WARN_SUSPICIOUS_MOVE = YES;
				CLANG_WARN_UNGUARDED_AVAILABILITY = YES_AGGRESSIVE;
				CLANG_WARN_UNREACHABLE_CODE = YES;
				CLANG_WARN__DUPLICATE_METHOD_MATCH = YES;
				COPY_PHASE_STRIP = NO;
				DEBUG_INFORMATION_FORMAT = dwarf;
				ENABLE_STRICT_OBJC_MSGSEND = YES;
				ENABLE_TESTABILITY = YES;
				GCC_C_LANGUAGE_STANDARD = gnu11;
				GCC_DYNAMIC_NO_PIC = NO;
				GCC_NO_COMMON_BLOCKS = YES;
				GCC_OPTIMIZATION_LEVEL = 0;
				GCC_PREPROCESSOR_DEFINITIONS = (
					"DEBUG=1",
					"$(inherited)",
				);
				GCC_WARN_64_TO_32_BIT_CONVERSION = YES;
				GCC_WARN_ABOUT_RETURN_TYPE = YES_ERROR;
				GCC_WARN_UNDECLARED_SELECTOR = YES;
				GCC_WARN_UNINITIALIZED_AUTOS = YES_AGGRESSIVE;
				GCC_WARN_UNUSED_FUNCTION = YES;
				GCC_WARN_UNUSED_VARIABLE = YES;
				IPHONEOS_DEPLOYMENT_TARGET = 14.4;
				MTL_ENABLE_DEBUG_INFO = INCLUDE_SOURCE;
				MTL_FAST_MATH = YES;
				ONLY_ACTIVE_ARCH = YES;
				SDKROOT = iphoneos;
				SWIFT_ACTIVE_COMPILATION_CONDITIONS = DEBUG;
				SWIFT_OPTIMIZATION_LEVEL = "-Onone";
			};
			name = Debug;
		};
		B7C7A15E266E7E39007DB473 /* Release */ = {
			isa = XCBuildConfiguration;
			buildSettings = {
				ALWAYS_SEARCH_USER_PATHS = NO;
				CLANG_ANALYZER_NONNULL = YES;
				CLANG_ANALYZER_NUMBER_OBJECT_CONVERSION = YES_AGGRESSIVE;
				CLANG_CXX_LANGUAGE_STANDARD = "gnu++14";
				CLANG_CXX_LIBRARY = "libc++";
				CLANG_ENABLE_MODULES = YES;
				CLANG_ENABLE_OBJC_ARC = YES;
				CLANG_ENABLE_OBJC_WEAK = YES;
				CLANG_WARN_BLOCK_CAPTURE_AUTORELEASING = YES;
				CLANG_WARN_BOOL_CONVERSION = YES;
				CLANG_WARN_COMMA = YES;
				CLANG_WARN_CONSTANT_CONVERSION = YES;
				CLANG_WARN_DEPRECATED_OBJC_IMPLEMENTATIONS = YES;
				CLANG_WARN_DIRECT_OBJC_ISA_USAGE = YES_ERROR;
				CLANG_WARN_DOCUMENTATION_COMMENTS = YES;
				CLANG_WARN_EMPTY_BODY = YES;
				CLANG_WARN_ENUM_CONVERSION = YES;
				CLANG_WARN_INFINITE_RECURSION = YES;
				CLANG_WARN_INT_CONVERSION = YES;
				CLANG_WARN_NON_LITERAL_NULL_CONVERSION = YES;
				CLANG_WARN_OBJC_IMPLICIT_RETAIN_SELF = YES;
				CLANG_WARN_OBJC_LITERAL_CONVERSION = YES;
				CLANG_WARN_OBJC_ROOT_CLASS = YES_ERROR;
				CLANG_WARN_QUOTED_INCLUDE_IN_FRAMEWORK_HEADER = YES;
				CLANG_WARN_RANGE_LOOP_ANALYSIS = YES;
				CLANG_WARN_STRICT_PROTOTYPES = YES;
				CLANG_WARN_SUSPICIOUS_MOVE = YES;
				CLANG_WARN_UNGUARDED_AVAILABILITY = YES_AGGRESSIVE;
				CLANG_WARN_UNREACHABLE_CODE = YES;
				CLANG_WARN__DUPLICATE_METHOD_MATCH = YES;
				COPY_PHASE_STRIP = NO;
				DEBUG_INFORMATION_FORMAT = "dwarf-with-dsym";
				ENABLE_NS_ASSERTIONS = NO;
				ENABLE_STRICT_OBJC_MSGSEND = YES;
				GCC_C_LANGUAGE_STANDARD = gnu11;
				GCC_NO_COMMON_BLOCKS = YES;
				GCC_WARN_64_TO_32_BIT_CONVERSION = YES;
				GCC_WARN_ABOUT_RETURN_TYPE = YES_ERROR;
				GCC_WARN_UNDECLARED_SELECTOR = YES;
				GCC_WARN_UNINITIALIZED_AUTOS = YES_AGGRESSIVE;
				GCC_WARN_UNUSED_FUNCTION = YES;
				GCC_WARN_UNUSED_VARIABLE = YES;
				IPHONEOS_DEPLOYMENT_TARGET = 14.4;
				MTL_ENABLE_DEBUG_INFO = NO;
				MTL_FAST_MATH = YES;
				SDKROOT = iphoneos;
				SWIFT_COMPILATION_MODE = wholemodule;
				SWIFT_OPTIMIZATION_LEVEL = "-O";
				VALIDATE_PRODUCT = YES;
			};
			name = Release;
		};
		B7C7A160266E7E39007DB473 /* Debug */ = {
			isa = XCBuildConfiguration;
			buildSettings = {
				ASSETCATALOG_COMPILER_APPICON_NAME = AppIcon;
				ASSETCATALOG_COMPILER_GLOBAL_ACCENT_COLOR_NAME = AccentColor;
				CODE_SIGN_STYLE = Automatic;
				INFOPLIST_FILE = Oktana/Info.plist;
				LD_RUNPATH_SEARCH_PATHS = (
					"$(inherited)",
					"@executable_path/Frameworks",
				);
				PRODUCT_BUNDLE_IDENTIFIER = AppleDeveloperAcademyBinus.Oktana;
				PRODUCT_NAME = "$(TARGET_NAME)";
				SWIFT_VERSION = 5.0;
				TARGETED_DEVICE_FAMILY = "1,2";
			};
			name = Debug;
		};
		B7C7A161266E7E39007DB473 /* Release */ = {
			isa = XCBuildConfiguration;
			buildSettings = {
				ASSETCATALOG_COMPILER_APPICON_NAME = AppIcon;
				ASSETCATALOG_COMPILER_GLOBAL_ACCENT_COLOR_NAME = AccentColor;
				CODE_SIGN_STYLE = Automatic;
				INFOPLIST_FILE = Oktana/Info.plist;
				LD_RUNPATH_SEARCH_PATHS = (
					"$(inherited)",
					"@executable_path/Frameworks",
				);
				PRODUCT_BUNDLE_IDENTIFIER = AppleDeveloperAcademyBinus.Oktana;
				PRODUCT_NAME = "$(TARGET_NAME)";
				SWIFT_VERSION = 5.0;
				TARGETED_DEVICE_FAMILY = "1,2";
			};
			name = Release;
		};
/* End XCBuildConfiguration section */

/* Begin XCConfigurationList section */
		B7C7A143266E7E38007DB473 /* Build configuration list for PBXProject "Oktana" */ = {
			isa = XCConfigurationList;
			buildConfigurations = (
				B7C7A15D266E7E39007DB473 /* Debug */,
				B7C7A15E266E7E39007DB473 /* Release */,
			);
			defaultConfigurationIsVisible = 0;
			defaultConfigurationName = Release;
		};
		B7C7A15F266E7E39007DB473 /* Build configuration list for PBXNativeTarget "Oktana" */ = {
			isa = XCConfigurationList;
			buildConfigurations = (
				B7C7A160266E7E39007DB473 /* Debug */,
				B7C7A161266E7E39007DB473 /* Release */,
			);
			defaultConfigurationIsVisible = 0;
			defaultConfigurationName = Release;
		};
/* End XCConfigurationList section */

/* Begin XCVersionGroup section */
		B7C7A154266E7E38007DB473 /* Oktana.xcdatamodeld */ = {
			isa = XCVersionGroup;
			children = (
				B7C7A155266E7E38007DB473 /* Oktana.xcdatamodel */,
			);
			currentVersion = B7C7A155266E7E38007DB473 /* Oktana.xcdatamodel */;
			path = Oktana.xcdatamodeld;
			sourceTree = "<group>";
			versionGroupType = wrapper.xcdatamodel;
		};
/* End XCVersionGroup section */
	};
	rootObject = B7C7A140266E7E38007DB473 /* Project object */;
}
