// !$*UTF8*$!
{
	archiveVersion = 1;
	classes = {
	};
	objectVersion = 50;
	objects = {

/* Begin PBXBuildFile section */
		990A06FA26764C20002B0ACF /* MovementQueue.swift in Sources */ = {isa = PBXBuildFile; fileRef = 990A06F926764C20002B0ACF /* MovementQueue.swift */; };
		990A06FC26776E15002B0ACF /* WorkoutComplete.storyboard in Resources */ = {isa = PBXBuildFile; fileRef = 990A06FB26776E15002B0ACF /* WorkoutComplete.storyboard */; };
		990A06FE26778AD6002B0ACF /* customLeftSegue.swift in Sources */ = {isa = PBXBuildFile; fileRef = 990A06FD26778AD6002B0ACF /* customLeftSegue.swift */; };
		991D9B2F267A0CE000D8AA82 /* Interface.storyboard in Resources */ = {isa = PBXBuildFile; fileRef = 991D9B2D267A0CE000D8AA82 /* Interface.storyboard */; };
		991D9B31267A0CE400D8AA82 /* Assets.xcassets in Resources */ = {isa = PBXBuildFile; fileRef = 991D9B30267A0CE400D8AA82 /* Assets.xcassets */; };
		991D9B38267A0CE400D8AA82 /* OktanaWatch Extension.appex in Embed App Extensions */ = {isa = PBXBuildFile; fileRef = 991D9B37267A0CE400D8AA82 /* OktanaWatch Extension.appex */; settings = {ATTRIBUTES = (RemoveHeadersOnCopy, ); }; };
		991D9B3D267A0CE400D8AA82 /* InterfaceController.swift in Sources */ = {isa = PBXBuildFile; fileRef = 991D9B3C267A0CE400D8AA82 /* InterfaceController.swift */; };
		991D9B3F267A0CE400D8AA82 /* ExtensionDelegate.swift in Sources */ = {isa = PBXBuildFile; fileRef = 991D9B3E267A0CE400D8AA82 /* ExtensionDelegate.swift */; };
		991D9B41267A0CE400D8AA82 /* NotificationController.swift in Sources */ = {isa = PBXBuildFile; fileRef = 991D9B40267A0CE400D8AA82 /* NotificationController.swift */; };
		991D9B43267A0CE400D8AA82 /* ComplicationController.swift in Sources */ = {isa = PBXBuildFile; fileRef = 991D9B42267A0CE400D8AA82 /* ComplicationController.swift */; };
		991D9B45267A0CE500D8AA82 /* Assets.xcassets in Resources */ = {isa = PBXBuildFile; fileRef = 991D9B44267A0CE500D8AA82 /* Assets.xcassets */; };
		991D9B51267A0CE500D8AA82 /* OktanaWatchTests.swift in Sources */ = {isa = PBXBuildFile; fileRef = 991D9B50267A0CE500D8AA82 /* OktanaWatchTests.swift */; };
		991D9B5C267A0CE500D8AA82 /* OktanaWatchUITests.swift in Sources */ = {isa = PBXBuildFile; fileRef = 991D9B5B267A0CE500D8AA82 /* OktanaWatchUITests.swift */; };
		991D9B60267A0CE500D8AA82 /* OktanaWatch.app in Embed Watch Content */ = {isa = PBXBuildFile; fileRef = 991D9B2B267A0CE000D8AA82 /* OktanaWatch.app */; settings = {ATTRIBUTES = (RemoveHeadersOnCopy, ); }; };
		999468742672FC0B00302000 /* FocusedView.xib in Resources */ = {isa = PBXBuildFile; fileRef = 999468732672FC0B00302000 /* FocusedView.xib */; };
		999468762672FE7100302000 /* FocusedView.swift in Sources */ = {isa = PBXBuildFile; fileRef = 999468752672FE7100302000 /* FocusedView.swift */; };
		9994AE40267B5951008F1045 /* HealthKit.framework in Frameworks */ = {isa = PBXBuildFile; fileRef = 9994AE3F267B5951008F1045 /* HealthKit.framework */; };
		9994AE42267B5B90008F1045 /* HealthKitWatchStore.swift in Sources */ = {isa = PBXBuildFile; fileRef = 9994AE41267B5B90008F1045 /* HealthKitWatchStore.swift */; };
		99F926DB266F4A4E006A210A /* WorkoutViewController.swift in Sources */ = {isa = PBXBuildFile; fileRef = 99F926DA266F4A4E006A210A /* WorkoutViewController.swift */; };
		99F926DD266F7498006A210A /* MediumInfoCardView.swift in Sources */ = {isa = PBXBuildFile; fileRef = 99F926DC266F7498006A210A /* MediumInfoCardView.swift */; };
		99F926DF266F74BF006A210A /* MediumInfoCardView.xib in Resources */ = {isa = PBXBuildFile; fileRef = 99F926DE266F74BF006A210A /* MediumInfoCardView.xib */; };
		99F926E6266FBA83006A210A /* MovementDetailView.storyboard in Resources */ = {isa = PBXBuildFile; fileRef = 99F926E5266FBA83006A210A /* MovementDetailView.storyboard */; };
		99F926E8266FC0AE006A210A /* MovementDetailViewController.swift in Sources */ = {isa = PBXBuildFile; fileRef = 99F926E7266FC0AE006A210A /* MovementDetailViewController.swift */; };
		99F926EC266FC811006A210A /* MovementDetailTableViewCell.swift in Sources */ = {isa = PBXBuildFile; fileRef = 99F926EB266FC811006A210A /* MovementDetailTableViewCell.swift */; };
		99F926EE2670DB6B006A210A /* HowToDo.storyboard in Resources */ = {isa = PBXBuildFile; fileRef = 99F926ED2670DB6B006A210A /* HowToDo.storyboard */; };
		99F926F02670DE9E006A210A /* HowToDoViewController.swift in Sources */ = {isa = PBXBuildFile; fileRef = 99F926EF2670DE9E006A210A /* HowToDoViewController.swift */; };
		99F926F22670E25F006A210A /* HowToTableViewCell.swift in Sources */ = {isa = PBXBuildFile; fileRef = 99F926F12670E25F006A210A /* HowToTableViewCell.swift */; };
		99F926F426710B3F006A210A /* WorkoutMode.storyboard in Resources */ = {isa = PBXBuildFile; fileRef = 99F926F326710B3F006A210A /* WorkoutMode.storyboard */; };
		99F926F826710FE2006A210A /* WorkoutModeViewController.swift in Sources */ = {isa = PBXBuildFile; fileRef = 99F926F726710FE2006A210A /* WorkoutModeViewController.swift */; };
		99F926FA26711A7B006A210A /* CircularProgressBarView.swift in Sources */ = {isa = PBXBuildFile; fileRef = 99F926F926711A7B006A210A /* CircularProgressBarView.swift */; };
		B7052C922671E8A100616D2B /* SkillTreeCustomView.xib in Resources */ = {isa = PBXBuildFile; fileRef = B7052C912671E8A100616D2B /* SkillTreeCustomView.xib */; };
		B7052C94267208FC00616D2B /* SkillTreeCustomView.swift in Sources */ = {isa = PBXBuildFile; fileRef = B7052C93267208FC00616D2B /* SkillTreeCustomView.swift */; };
		B71903A7266FDE3200D34212 /* User+CoreDataClass.swift in Sources */ = {isa = PBXBuildFile; fileRef = B71903A1266FDE3200D34212 /* User+CoreDataClass.swift */; };
		B71903A8266FDE3200D34212 /* User+CoreDataProperties.swift in Sources */ = {isa = PBXBuildFile; fileRef = B71903A2266FDE3200D34212 /* User+CoreDataProperties.swift */; };
		B71903A9266FDE3200D34212 /* Workout+CoreDataClass.swift in Sources */ = {isa = PBXBuildFile; fileRef = B71903A3266FDE3200D34212 /* Workout+CoreDataClass.swift */; };
		B71903AA266FDE3200D34212 /* Workout+CoreDataProperties.swift in Sources */ = {isa = PBXBuildFile; fileRef = B71903A4266FDE3200D34212 /* Workout+CoreDataProperties.swift */; };
		B71903AC266FDE5000D34212 /* CoreDataManager.swift in Sources */ = {isa = PBXBuildFile; fileRef = B71903AB266FDE5000D34212 /* CoreDataManager.swift */; };
		B737A1442670F25800DDD4A8 /* Fitness+CoreDataClass.swift in Sources */ = {isa = PBXBuildFile; fileRef = B737A1422670F25800DDD4A8 /* Fitness+CoreDataClass.swift */; };
		B737A1452670F25800DDD4A8 /* Fitness+CoreDataProperties.swift in Sources */ = {isa = PBXBuildFile; fileRef = B737A1432670F25800DDD4A8 /* Fitness+CoreDataProperties.swift */; };
		B737A14B267118B400DDD4A8 /* HealthKit.framework in Frameworks */ = {isa = PBXBuildFile; fileRef = B737A14A267118B400DDD4A8 /* HealthKit.framework */; };
		B737A14D2671204F00DDD4A8 /* HealthKitStore.swift in Sources */ = {isa = PBXBuildFile; fileRef = B737A14C2671204F00DDD4A8 /* HealthKitStore.swift */; };
		B73E1C382672539B00054685 /* SkillTreeViewController.swift in Sources */ = {isa = PBXBuildFile; fileRef = B73E1C372672539B00054685 /* SkillTreeViewController.swift */; };
		B73E1C3A2672614600054685 /* View.xib in Resources */ = {isa = PBXBuildFile; fileRef = B73E1C392672614600054685 /* View.xib */; };
		B73E1C3E2672902400054685 /* AlertUnlockViewController.swift in Sources */ = {isa = PBXBuildFile; fileRef = B73E1C3C2672902400054685 /* AlertUnlockViewController.swift */; };
		B73E1C3F2672902400054685 /* AlertUnlockViewController.xib in Resources */ = {isa = PBXBuildFile; fileRef = B73E1C3D2672902400054685 /* AlertUnlockViewController.xib */; };
		B7597281267659F500A36236 /* StreakPointView.xib in Resources */ = {isa = PBXBuildFile; fileRef = B7597280267659F500A36236 /* StreakPointView.xib */; };
		B759728326765A0D00A36236 /* StreakPointView.swift in Sources */ = {isa = PBXBuildFile; fileRef = B759728226765A0D00A36236 /* StreakPointView.swift */; };
		B759728526766CAB00A36236 /* Boarding.storyboard in Resources */ = {isa = PBXBuildFile; fileRef = B759728426766CAB00A36236 /* Boarding.storyboard */; };
		B762ECC226788E8A00020938 /* BoardingViewController.swift in Sources */ = {isa = PBXBuildFile; fileRef = B762ECC126788E8A00020938 /* BoardingViewController.swift */; };
		B762ECC42678A98600020938 /* LastBoardingPageViewController.swift in Sources */ = {isa = PBXBuildFile; fileRef = B762ECC32678A98600020938 /* LastBoardingPageViewController.swift */; };
		B7B4BA7D266FA78200B0E6A0 /* Movement.swift in Sources */ = {isa = PBXBuildFile; fileRef = B7B4BA7C266FA78200B0E6A0 /* Movement.swift */; };
		B7B5F6162676FF9700AE431C /* Movement+CoreDataClass.swift in Sources */ = {isa = PBXBuildFile; fileRef = B7B5F6142676FF9700AE431C /* Movement+CoreDataClass.swift */; };
		B7B5F6172676FF9700AE431C /* Movement+CoreDataProperties.swift in Sources */ = {isa = PBXBuildFile; fileRef = B7B5F6152676FF9700AE431C /* Movement+CoreDataProperties.swift */; };
		B7B5F61B26770BD400AE431C /* TitleTableViewCell.swift in Sources */ = {isa = PBXBuildFile; fileRef = B7B5F61926770BD400AE431C /* TitleTableViewCell.swift */; };
		B7B5F61C26770BD400AE431C /* TitleTableViewCell.xib in Resources */ = {isa = PBXBuildFile; fileRef = B7B5F61A26770BD400AE431C /* TitleTableViewCell.xib */; };
		B7B5F62E2677A70700AE431C /* ContentCollectionViewCell.swift in Sources */ = {isa = PBXBuildFile; fileRef = B7B5F62C2677A70700AE431C /* ContentCollectionViewCell.swift */; };
		B7B5F62F2677A70700AE431C /* ContentCollectionViewCell.xib in Resources */ = {isa = PBXBuildFile; fileRef = B7B5F62D2677A70700AE431C /* ContentCollectionViewCell.xib */; };
		B7B5F6322677A97C00AE431C /* ProgressContentTableViewCell.swift in Sources */ = {isa = PBXBuildFile; fileRef = B7B5F6302677A97C00AE431C /* ProgressContentTableViewCell.swift */; };
		B7B5F6332677A97C00AE431C /* ProgressContentTableViewCell.xib in Resources */ = {isa = PBXBuildFile; fileRef = B7B5F6312677A97C00AE431C /* ProgressContentTableViewCell.xib */; };
		B7B5F6382677C5BE00AE431C /* FitnessTableViewCell.swift in Sources */ = {isa = PBXBuildFile; fileRef = B7B5F6362677C5BE00AE431C /* FitnessTableViewCell.swift */; };
		B7B5F6392677C5BE00AE431C /* FitnessTableViewCell.xib in Resources */ = {isa = PBXBuildFile; fileRef = B7B5F6372677C5BE00AE431C /* FitnessTableViewCell.xib */; };
		B7C7A14C266E7E38007DB473 /* AppDelegate.swift in Sources */ = {isa = PBXBuildFile; fileRef = B7C7A14B266E7E38007DB473 /* AppDelegate.swift */; };
		B7C7A14E266E7E38007DB473 /* SceneDelegate.swift in Sources */ = {isa = PBXBuildFile; fileRef = B7C7A14D266E7E38007DB473 /* SceneDelegate.swift */; };
		B7C7A156266E7E38007DB473 /* Oktana.xcdatamodeld in Sources */ = {isa = PBXBuildFile; fileRef = B7C7A154266E7E38007DB473 /* Oktana.xcdatamodeld */; };
		B7C7A158266E7E39007DB473 /* Assets.xcassets in Resources */ = {isa = PBXBuildFile; fileRef = B7C7A157266E7E39007DB473 /* Assets.xcassets */; };
		B7C7A15B266E7E39007DB473 /* LaunchScreen.storyboard in Resources */ = {isa = PBXBuildFile; fileRef = B7C7A159266E7E39007DB473 /* LaunchScreen.storyboard */; };
		B7C7A180266E89D9007DB473 /* Root.storyboard in Resources */ = {isa = PBXBuildFile; fileRef = B7C7A17F266E89D9007DB473 /* Root.storyboard */; };
		B7C7A18F266E932F007DB473 /* Workout.storyboard in Resources */ = {isa = PBXBuildFile; fileRef = B7C7A18E266E932F007DB473 /* Workout.storyboard */; };
		B7C7A193266E9359007DB473 /* Skill Tree.storyboard in Resources */ = {isa = PBXBuildFile; fileRef = B7C7A192266E9359007DB473 /* Skill Tree.storyboard */; };
		B7C7A196266E937B007DB473 /* Progress.storyboard in Resources */ = {isa = PBXBuildFile; fileRef = B7C7A195266E937B007DB473 /* Progress.storyboard */; };
		B7DB80D02673725A00977D24 /* AlertStandardViewController.swift in Sources */ = {isa = PBXBuildFile; fileRef = B7DB80CE2673725A00977D24 /* AlertStandardViewController.swift */; };
		B7DB80D12673725A00977D24 /* AlertStandardViewController.xib in Resources */ = {isa = PBXBuildFile; fileRef = B7DB80CF2673725A00977D24 /* AlertStandardViewController.xib */; };
		B7DB80D726737C0300977D24 /* AlertTestViewController.swift in Sources */ = {isa = PBXBuildFile; fileRef = B7DB80D526737C0300977D24 /* AlertTestViewController.swift */; };
		B7DB80D826737C0300977D24 /* AlertTestViewController.xib in Resources */ = {isa = PBXBuildFile; fileRef = B7DB80D626737C0300977D24 /* AlertTestViewController.xib */; };
		E24CA7962673134600D35810 /* ProgressViewController.swift in Sources */ = {isa = PBXBuildFile; fileRef = E24CA7952673134600D35810 /* ProgressViewController.swift */; };
		E2561780267065BE00B96384 /* WorkoutCompleteViewController.swift in Sources */ = {isa = PBXBuildFile; fileRef = E256177F267065BE00B96384 /* WorkoutCompleteViewController.swift */; };
		E25617862670F31B00B96384 /* LongMediumInfoCardView.xib in Resources */ = {isa = PBXBuildFile; fileRef = E25617852670F31B00B96384 /* LongMediumInfoCardView.xib */; };
		E25617882670F37400B96384 /* LongMediumInfoCardView.swift in Sources */ = {isa = PBXBuildFile; fileRef = E25617872670F37400B96384 /* LongMediumInfoCardView.swift */; };
		E256178C267150A400B96384 /* TestCompleteViewComtrollerViewController.swift in Sources */ = {isa = PBXBuildFile; fileRef = E256178B267150A400B96384 /* TestCompleteViewComtrollerViewController.swift */; };
		E25EAEA626769E42001B270D /* MediumProgressCardViewCell.swift in Sources */ = {isa = PBXBuildFile; fileRef = E25EAEA426769E42001B270D /* MediumProgressCardViewCell.swift */; };
		E25EAEA726769E42001B270D /* MediumProgressCardViewCell.xib in Resources */ = {isa = PBXBuildFile; fileRef = E25EAEA526769E42001B270D /* MediumProgressCardViewCell.xib */; };
		E25EAEAA2676DAE5001B270D /* LargeProgressCardViewCell.swift in Sources */ = {isa = PBXBuildFile; fileRef = E25EAEA82676DAE5001B270D /* LargeProgressCardViewCell.swift */; };
		E25EAEAB2676DAE5001B270D /* LargeProgressCardViewCell.xib in Resources */ = {isa = PBXBuildFile; fileRef = E25EAEA92676DAE5001B270D /* LargeProgressCardViewCell.xib */; };
		E25EAEAD2676E569001B270D /* TestCompleteView.storyboard in Resources */ = {isa = PBXBuildFile; fileRef = E25EAEAC2676E569001B270D /* TestCompleteView.storyboard */; };
/* End PBXBuildFile section */

/* Begin PBXContainerItemProxy section */
		991D9B39267A0CE400D8AA82 /* PBXContainerItemProxy */ = {
			isa = PBXContainerItemProxy;
			containerPortal = B7C7A140266E7E38007DB473 /* Project object */;
			proxyType = 1;
			remoteGlobalIDString = 991D9B36267A0CE400D8AA82;
			remoteInfo = "OktanaWatch Extension";
		};
		991D9B4D267A0CE500D8AA82 /* PBXContainerItemProxy */ = {
			isa = PBXContainerItemProxy;
			containerPortal = B7C7A140266E7E38007DB473 /* Project object */;
			proxyType = 1;
			remoteGlobalIDString = 991D9B36267A0CE400D8AA82;
			remoteInfo = "OktanaWatch Extension";
		};
		991D9B58267A0CE500D8AA82 /* PBXContainerItemProxy */ = {
			isa = PBXContainerItemProxy;
			containerPortal = B7C7A140266E7E38007DB473 /* Project object */;
			proxyType = 1;
			remoteGlobalIDString = 991D9B2A267A0CE000D8AA82;
			remoteInfo = OktanaWatch;
		};
		991D9B5E267A0CE500D8AA82 /* PBXContainerItemProxy */ = {
			isa = PBXContainerItemProxy;
			containerPortal = B7C7A140266E7E38007DB473 /* Project object */;
			proxyType = 1;
			remoteGlobalIDString = 991D9B2A267A0CE000D8AA82;
			remoteInfo = OktanaWatch;
		};
/* End PBXContainerItemProxy section */

/* Begin PBXCopyFilesBuildPhase section */
		991D9B61267A0CE500D8AA82 /* Embed Watch Content */ = {
			isa = PBXCopyFilesBuildPhase;
			buildActionMask = 2147483647;
			dstPath = "$(CONTENTS_FOLDER_PATH)/Watch";
			dstSubfolderSpec = 16;
			files = (
				991D9B60267A0CE500D8AA82 /* OktanaWatch.app in Embed Watch Content */,
			);
			name = "Embed Watch Content";
			runOnlyForDeploymentPostprocessing = 0;
		};
		991D9B64267A0CE500D8AA82 /* Embed App Extensions */ = {
			isa = PBXCopyFilesBuildPhase;
			buildActionMask = 2147483647;
			dstPath = "";
			dstSubfolderSpec = 13;
			files = (
				991D9B38267A0CE400D8AA82 /* OktanaWatch Extension.appex in Embed App Extensions */,
			);
			name = "Embed App Extensions";
			runOnlyForDeploymentPostprocessing = 0;
		};
/* End PBXCopyFilesBuildPhase section */

/* Begin PBXFileReference section */
		990A06F926764C20002B0ACF /* MovementQueue.swift */ = {isa = PBXFileReference; lastKnownFileType = sourcecode.swift; path = MovementQueue.swift; sourceTree = "<group>"; };
		990A06FB26776E15002B0ACF /* WorkoutComplete.storyboard */ = {isa = PBXFileReference; lastKnownFileType = file.storyboard; path = WorkoutComplete.storyboard; sourceTree = "<group>"; };
		990A06FD26778AD6002B0ACF /* customLeftSegue.swift */ = {isa = PBXFileReference; lastKnownFileType = sourcecode.swift; path = customLeftSegue.swift; sourceTree = "<group>"; };
		991D9B2B267A0CE000D8AA82 /* OktanaWatch.app */ = {isa = PBXFileReference; explicitFileType = wrapper.application; includeInIndex = 0; path = OktanaWatch.app; sourceTree = BUILT_PRODUCTS_DIR; };
		991D9B2E267A0CE000D8AA82 /* Base */ = {isa = PBXFileReference; lastKnownFileType = file.storyboard; name = Base; path = Base.lproj/Interface.storyboard; sourceTree = "<group>"; };
		991D9B30267A0CE400D8AA82 /* Assets.xcassets */ = {isa = PBXFileReference; lastKnownFileType = folder.assetcatalog; path = Assets.xcassets; sourceTree = "<group>"; };
		991D9B32267A0CE400D8AA82 /* Info.plist */ = {isa = PBXFileReference; lastKnownFileType = text.plist.xml; path = Info.plist; sourceTree = "<group>"; };
		991D9B37267A0CE400D8AA82 /* OktanaWatch Extension.appex */ = {isa = PBXFileReference; explicitFileType = "wrapper.app-extension"; includeInIndex = 0; path = "OktanaWatch Extension.appex"; sourceTree = BUILT_PRODUCTS_DIR; };
		991D9B3C267A0CE400D8AA82 /* InterfaceController.swift */ = {isa = PBXFileReference; lastKnownFileType = sourcecode.swift; path = InterfaceController.swift; sourceTree = "<group>"; };
		991D9B3E267A0CE400D8AA82 /* ExtensionDelegate.swift */ = {isa = PBXFileReference; lastKnownFileType = sourcecode.swift; path = ExtensionDelegate.swift; sourceTree = "<group>"; };
		991D9B40267A0CE400D8AA82 /* NotificationController.swift */ = {isa = PBXFileReference; lastKnownFileType = sourcecode.swift; path = NotificationController.swift; sourceTree = "<group>"; };
		991D9B42267A0CE400D8AA82 /* ComplicationController.swift */ = {isa = PBXFileReference; lastKnownFileType = sourcecode.swift; path = ComplicationController.swift; sourceTree = "<group>"; };
		991D9B44267A0CE500D8AA82 /* Assets.xcassets */ = {isa = PBXFileReference; lastKnownFileType = folder.assetcatalog; path = Assets.xcassets; sourceTree = "<group>"; };
		991D9B46267A0CE500D8AA82 /* Info.plist */ = {isa = PBXFileReference; lastKnownFileType = text.plist.xml; path = Info.plist; sourceTree = "<group>"; };
		991D9B47267A0CE500D8AA82 /* PushNotificationPayload.apns */ = {isa = PBXFileReference; lastKnownFileType = text; path = PushNotificationPayload.apns; sourceTree = "<group>"; };
		991D9B4C267A0CE500D8AA82 /* OktanaWatchTests.xctest */ = {isa = PBXFileReference; explicitFileType = wrapper.cfbundle; includeInIndex = 0; path = OktanaWatchTests.xctest; sourceTree = BUILT_PRODUCTS_DIR; };
		991D9B50267A0CE500D8AA82 /* OktanaWatchTests.swift */ = {isa = PBXFileReference; lastKnownFileType = sourcecode.swift; path = OktanaWatchTests.swift; sourceTree = "<group>"; };
		991D9B52267A0CE500D8AA82 /* Info.plist */ = {isa = PBXFileReference; lastKnownFileType = text.plist.xml; path = Info.plist; sourceTree = "<group>"; };
		991D9B57267A0CE500D8AA82 /* OktanaWatchUITests.xctest */ = {isa = PBXFileReference; explicitFileType = wrapper.cfbundle; includeInIndex = 0; path = OktanaWatchUITests.xctest; sourceTree = BUILT_PRODUCTS_DIR; };
		991D9B5B267A0CE500D8AA82 /* OktanaWatchUITests.swift */ = {isa = PBXFileReference; lastKnownFileType = sourcecode.swift; path = OktanaWatchUITests.swift; sourceTree = "<group>"; };
		991D9B5D267A0CE500D8AA82 /* Info.plist */ = {isa = PBXFileReference; lastKnownFileType = text.plist.xml; path = Info.plist; sourceTree = "<group>"; };
		999468732672FC0B00302000 /* FocusedView.xib */ = {isa = PBXFileReference; lastKnownFileType = file.xib; path = FocusedView.xib; sourceTree = "<group>"; };
		999468752672FE7100302000 /* FocusedView.swift */ = {isa = PBXFileReference; lastKnownFileType = sourcecode.swift; path = FocusedView.swift; sourceTree = "<group>"; };
		9994AE3D267B5393008F1045 /* Oktana.entitlements */ = {isa = PBXFileReference; lastKnownFileType = text.plist.entitlements; path = Oktana.entitlements; sourceTree = "<group>"; };
		9994AE3E267B5951008F1045 /* OktanaWatch Extension.entitlements */ = {isa = PBXFileReference; lastKnownFileType = text.plist.entitlements; path = "OktanaWatch Extension.entitlements"; sourceTree = "<group>"; };
		9994AE3F267B5951008F1045 /* HealthKit.framework */ = {isa = PBXFileReference; lastKnownFileType = wrapper.framework; name = HealthKit.framework; path = Platforms/WatchOS.platform/Developer/SDKs/WatchOS7.4.sdk/System/Library/Frameworks/HealthKit.framework; sourceTree = DEVELOPER_DIR; };
		9994AE41267B5B90008F1045 /* HealthKitWatchStore.swift */ = {isa = PBXFileReference; lastKnownFileType = sourcecode.swift; path = HealthKitWatchStore.swift; sourceTree = "<group>"; };
		99F926DA266F4A4E006A210A /* WorkoutViewController.swift */ = {isa = PBXFileReference; lastKnownFileType = sourcecode.swift; path = WorkoutViewController.swift; sourceTree = "<group>"; };
		99F926DC266F7498006A210A /* MediumInfoCardView.swift */ = {isa = PBXFileReference; lastKnownFileType = sourcecode.swift; path = MediumInfoCardView.swift; sourceTree = "<group>"; };
		99F926DE266F74BF006A210A /* MediumInfoCardView.xib */ = {isa = PBXFileReference; lastKnownFileType = file.xib; path = MediumInfoCardView.xib; sourceTree = "<group>"; };
		99F926E5266FBA83006A210A /* MovementDetailView.storyboard */ = {isa = PBXFileReference; lastKnownFileType = file.storyboard; path = MovementDetailView.storyboard; sourceTree = "<group>"; };
		99F926E7266FC0AE006A210A /* MovementDetailViewController.swift */ = {isa = PBXFileReference; lastKnownFileType = sourcecode.swift; path = MovementDetailViewController.swift; sourceTree = "<group>"; };
		99F926EB266FC811006A210A /* MovementDetailTableViewCell.swift */ = {isa = PBXFileReference; lastKnownFileType = sourcecode.swift; path = MovementDetailTableViewCell.swift; sourceTree = "<group>"; };
		99F926ED2670DB6B006A210A /* HowToDo.storyboard */ = {isa = PBXFileReference; lastKnownFileType = file.storyboard; path = HowToDo.storyboard; sourceTree = "<group>"; };
		99F926EF2670DE9E006A210A /* HowToDoViewController.swift */ = {isa = PBXFileReference; lastKnownFileType = sourcecode.swift; path = HowToDoViewController.swift; sourceTree = "<group>"; };
		99F926F12670E25F006A210A /* HowToTableViewCell.swift */ = {isa = PBXFileReference; lastKnownFileType = sourcecode.swift; path = HowToTableViewCell.swift; sourceTree = "<group>"; };
		99F926F326710B3F006A210A /* WorkoutMode.storyboard */ = {isa = PBXFileReference; lastKnownFileType = file.storyboard; path = WorkoutMode.storyboard; sourceTree = "<group>"; };
		99F926F726710FE2006A210A /* WorkoutModeViewController.swift */ = {isa = PBXFileReference; lastKnownFileType = sourcecode.swift; path = WorkoutModeViewController.swift; sourceTree = "<group>"; };
		99F926F926711A7B006A210A /* CircularProgressBarView.swift */ = {isa = PBXFileReference; lastKnownFileType = sourcecode.swift; path = CircularProgressBarView.swift; sourceTree = "<group>"; };
		B7052C912671E8A100616D2B /* SkillTreeCustomView.xib */ = {isa = PBXFileReference; lastKnownFileType = file.xib; path = SkillTreeCustomView.xib; sourceTree = "<group>"; };
		B7052C93267208FC00616D2B /* SkillTreeCustomView.swift */ = {isa = PBXFileReference; lastKnownFileType = sourcecode.swift; path = SkillTreeCustomView.swift; sourceTree = "<group>"; };
		B71903A1266FDE3200D34212 /* User+CoreDataClass.swift */ = {isa = PBXFileReference; lastKnownFileType = sourcecode.swift; path = "User+CoreDataClass.swift"; sourceTree = "<group>"; };
		B71903A2266FDE3200D34212 /* User+CoreDataProperties.swift */ = {isa = PBXFileReference; lastKnownFileType = sourcecode.swift; path = "User+CoreDataProperties.swift"; sourceTree = "<group>"; };
		B71903A3266FDE3200D34212 /* Workout+CoreDataClass.swift */ = {isa = PBXFileReference; lastKnownFileType = sourcecode.swift; path = "Workout+CoreDataClass.swift"; sourceTree = "<group>"; };
		B71903A4266FDE3200D34212 /* Workout+CoreDataProperties.swift */ = {isa = PBXFileReference; lastKnownFileType = sourcecode.swift; path = "Workout+CoreDataProperties.swift"; sourceTree = "<group>"; };
		B71903AB266FDE5000D34212 /* CoreDataManager.swift */ = {isa = PBXFileReference; lastKnownFileType = sourcecode.swift; path = CoreDataManager.swift; sourceTree = "<group>"; };
		B737A1422670F25800DDD4A8 /* Fitness+CoreDataClass.swift */ = {isa = PBXFileReference; lastKnownFileType = sourcecode.swift; path = "Fitness+CoreDataClass.swift"; sourceTree = "<group>"; };
		B737A1432670F25800DDD4A8 /* Fitness+CoreDataProperties.swift */ = {isa = PBXFileReference; lastKnownFileType = sourcecode.swift; path = "Fitness+CoreDataProperties.swift"; sourceTree = "<group>"; };
		B737A148267118B400DDD4A8 /* OktanaDebug.entitlements */ = {isa = PBXFileReference; lastKnownFileType = text.plist.entitlements; path = OktanaDebug.entitlements; sourceTree = "<group>"; };
		B737A14A267118B400DDD4A8 /* HealthKit.framework */ = {isa = PBXFileReference; lastKnownFileType = wrapper.framework; name = HealthKit.framework; path = System/Library/Frameworks/HealthKit.framework; sourceTree = SDKROOT; };
		B737A14C2671204F00DDD4A8 /* HealthKitStore.swift */ = {isa = PBXFileReference; lastKnownFileType = sourcecode.swift; path = HealthKitStore.swift; sourceTree = "<group>"; };
		B73E1C372672539B00054685 /* SkillTreeViewController.swift */ = {isa = PBXFileReference; lastKnownFileType = sourcecode.swift; path = SkillTreeViewController.swift; sourceTree = "<group>"; };
		B73E1C392672614600054685 /* View.xib */ = {isa = PBXFileReference; lastKnownFileType = file.xib; path = View.xib; sourceTree = "<group>"; };
		B73E1C3C2672902400054685 /* AlertUnlockViewController.swift */ = {isa = PBXFileReference; lastKnownFileType = sourcecode.swift; path = AlertUnlockViewController.swift; sourceTree = "<group>"; };
		B73E1C3D2672902400054685 /* AlertUnlockViewController.xib */ = {isa = PBXFileReference; lastKnownFileType = file.xib; path = AlertUnlockViewController.xib; sourceTree = "<group>"; };
		B7597280267659F500A36236 /* StreakPointView.xib */ = {isa = PBXFileReference; lastKnownFileType = file.xib; path = StreakPointView.xib; sourceTree = "<group>"; };
		B759728226765A0D00A36236 /* StreakPointView.swift */ = {isa = PBXFileReference; lastKnownFileType = sourcecode.swift; path = StreakPointView.swift; sourceTree = "<group>"; };
		B759728426766CAB00A36236 /* Boarding.storyboard */ = {isa = PBXFileReference; lastKnownFileType = file.storyboard; path = Boarding.storyboard; sourceTree = "<group>"; };
		B762ECC126788E8A00020938 /* BoardingViewController.swift */ = {isa = PBXFileReference; lastKnownFileType = sourcecode.swift; path = BoardingViewController.swift; sourceTree = "<group>"; };
		B762ECC32678A98600020938 /* LastBoardingPageViewController.swift */ = {isa = PBXFileReference; lastKnownFileType = sourcecode.swift; path = LastBoardingPageViewController.swift; sourceTree = "<group>"; };
		B7B4BA7C266FA78200B0E6A0 /* Movement.swift */ = {isa = PBXFileReference; lastKnownFileType = sourcecode.swift; path = Movement.swift; sourceTree = "<group>"; };
		B7B5F6142676FF9700AE431C /* Movement+CoreDataClass.swift */ = {isa = PBXFileReference; lastKnownFileType = sourcecode.swift; name = "Movement+CoreDataClass.swift"; path = "../../../../Movement+CoreDataClass.swift"; sourceTree = "<group>"; };
		B7B5F6152676FF9700AE431C /* Movement+CoreDataProperties.swift */ = {isa = PBXFileReference; lastKnownFileType = sourcecode.swift; name = "Movement+CoreDataProperties.swift"; path = "../../../../Movement+CoreDataProperties.swift"; sourceTree = "<group>"; };
		B7B5F61926770BD400AE431C /* TitleTableViewCell.swift */ = {isa = PBXFileReference; lastKnownFileType = sourcecode.swift; path = TitleTableViewCell.swift; sourceTree = "<group>"; };
		B7B5F61A26770BD400AE431C /* TitleTableViewCell.xib */ = {isa = PBXFileReference; lastKnownFileType = file.xib; path = TitleTableViewCell.xib; sourceTree = "<group>"; };
		B7B5F62C2677A70700AE431C /* ContentCollectionViewCell.swift */ = {isa = PBXFileReference; lastKnownFileType = sourcecode.swift; path = ContentCollectionViewCell.swift; sourceTree = "<group>"; };
		B7B5F62D2677A70700AE431C /* ContentCollectionViewCell.xib */ = {isa = PBXFileReference; lastKnownFileType = file.xib; path = ContentCollectionViewCell.xib; sourceTree = "<group>"; };
		B7B5F6302677A97C00AE431C /* ProgressContentTableViewCell.swift */ = {isa = PBXFileReference; lastKnownFileType = sourcecode.swift; path = ProgressContentTableViewCell.swift; sourceTree = "<group>"; };
		B7B5F6312677A97C00AE431C /* ProgressContentTableViewCell.xib */ = {isa = PBXFileReference; lastKnownFileType = file.xib; path = ProgressContentTableViewCell.xib; sourceTree = "<group>"; };
		B7B5F6362677C5BE00AE431C /* FitnessTableViewCell.swift */ = {isa = PBXFileReference; lastKnownFileType = sourcecode.swift; path = FitnessTableViewCell.swift; sourceTree = "<group>"; };
		B7B5F6372677C5BE00AE431C /* FitnessTableViewCell.xib */ = {isa = PBXFileReference; lastKnownFileType = file.xib; path = FitnessTableViewCell.xib; sourceTree = "<group>"; };
		B7C7A148266E7E38007DB473 /* Oktana.app */ = {isa = PBXFileReference; explicitFileType = wrapper.application; includeInIndex = 0; path = Oktana.app; sourceTree = BUILT_PRODUCTS_DIR; };
		B7C7A14B266E7E38007DB473 /* AppDelegate.swift */ = {isa = PBXFileReference; lastKnownFileType = sourcecode.swift; path = AppDelegate.swift; sourceTree = "<group>"; };
		B7C7A14D266E7E38007DB473 /* SceneDelegate.swift */ = {isa = PBXFileReference; lastKnownFileType = sourcecode.swift; path = SceneDelegate.swift; sourceTree = "<group>"; };
		B7C7A155266E7E38007DB473 /* Oktana.xcdatamodel */ = {isa = PBXFileReference; lastKnownFileType = wrapper.xcdatamodel; path = Oktana.xcdatamodel; sourceTree = "<group>"; };
		B7C7A157266E7E39007DB473 /* Assets.xcassets */ = {isa = PBXFileReference; lastKnownFileType = folder.assetcatalog; path = Assets.xcassets; sourceTree = "<group>"; };
		B7C7A15A266E7E39007DB473 /* Base */ = {isa = PBXFileReference; lastKnownFileType = file.storyboard; name = Base; path = Base.lproj/LaunchScreen.storyboard; sourceTree = "<group>"; };
		B7C7A15C266E7E39007DB473 /* Info.plist */ = {isa = PBXFileReference; lastKnownFileType = text.plist.xml; path = Info.plist; sourceTree = "<group>"; };
		B7C7A17F266E89D9007DB473 /* Root.storyboard */ = {isa = PBXFileReference; lastKnownFileType = file.storyboard; path = Root.storyboard; sourceTree = "<group>"; };
		B7C7A18E266E932F007DB473 /* Workout.storyboard */ = {isa = PBXFileReference; fileEncoding = 4; lastKnownFileType = file.storyboard; path = Workout.storyboard; sourceTree = "<group>"; };
		B7C7A192266E9359007DB473 /* Skill Tree.storyboard */ = {isa = PBXFileReference; fileEncoding = 4; lastKnownFileType = file.storyboard; path = "Skill Tree.storyboard"; sourceTree = "<group>"; };
		B7C7A195266E937B007DB473 /* Progress.storyboard */ = {isa = PBXFileReference; fileEncoding = 4; lastKnownFileType = file.storyboard; path = Progress.storyboard; sourceTree = "<group>"; };
		B7DB80CE2673725A00977D24 /* AlertStandardViewController.swift */ = {isa = PBXFileReference; lastKnownFileType = sourcecode.swift; path = AlertStandardViewController.swift; sourceTree = "<group>"; };
		B7DB80CF2673725A00977D24 /* AlertStandardViewController.xib */ = {isa = PBXFileReference; lastKnownFileType = file.xib; path = AlertStandardViewController.xib; sourceTree = "<group>"; };
		B7DB80D526737C0300977D24 /* AlertTestViewController.swift */ = {isa = PBXFileReference; lastKnownFileType = sourcecode.swift; path = AlertTestViewController.swift; sourceTree = "<group>"; };
		B7DB80D626737C0300977D24 /* AlertTestViewController.xib */ = {isa = PBXFileReference; lastKnownFileType = file.xib; path = AlertTestViewController.xib; sourceTree = "<group>"; };
		E24CA7952673134600D35810 /* ProgressViewController.swift */ = {isa = PBXFileReference; lastKnownFileType = sourcecode.swift; path = ProgressViewController.swift; sourceTree = "<group>"; };
		E256177F267065BE00B96384 /* WorkoutCompleteViewController.swift */ = {isa = PBXFileReference; lastKnownFileType = sourcecode.swift; path = WorkoutCompleteViewController.swift; sourceTree = "<group>"; };
		E25617852670F31B00B96384 /* LongMediumInfoCardView.xib */ = {isa = PBXFileReference; lastKnownFileType = file.xib; path = LongMediumInfoCardView.xib; sourceTree = "<group>"; };
		E25617872670F37400B96384 /* LongMediumInfoCardView.swift */ = {isa = PBXFileReference; lastKnownFileType = sourcecode.swift; path = LongMediumInfoCardView.swift; sourceTree = "<group>"; };
		E256178B267150A400B96384 /* TestCompleteViewComtrollerViewController.swift */ = {isa = PBXFileReference; lastKnownFileType = sourcecode.swift; path = TestCompleteViewComtrollerViewController.swift; sourceTree = "<group>"; };
		E25EAEA426769E42001B270D /* MediumProgressCardViewCell.swift */ = {isa = PBXFileReference; lastKnownFileType = sourcecode.swift; path = MediumProgressCardViewCell.swift; sourceTree = "<group>"; };
		E25EAEA526769E42001B270D /* MediumProgressCardViewCell.xib */ = {isa = PBXFileReference; lastKnownFileType = file.xib; path = MediumProgressCardViewCell.xib; sourceTree = "<group>"; };
		E25EAEA82676DAE5001B270D /* LargeProgressCardViewCell.swift */ = {isa = PBXFileReference; lastKnownFileType = sourcecode.swift; path = LargeProgressCardViewCell.swift; sourceTree = "<group>"; };
		E25EAEA92676DAE5001B270D /* LargeProgressCardViewCell.xib */ = {isa = PBXFileReference; lastKnownFileType = file.xib; path = LargeProgressCardViewCell.xib; sourceTree = "<group>"; };
		E25EAEAC2676E569001B270D /* TestCompleteView.storyboard */ = {isa = PBXFileReference; lastKnownFileType = file.storyboard; path = TestCompleteView.storyboard; sourceTree = "<group>"; };
/* End PBXFileReference section */

/* Begin PBXFrameworksBuildPhase section */
		991D9B34267A0CE400D8AA82 /* Frameworks */ = {
			isa = PBXFrameworksBuildPhase;
			buildActionMask = 2147483647;
			files = (
				9994AE40267B5951008F1045 /* HealthKit.framework in Frameworks */,
			);
			runOnlyForDeploymentPostprocessing = 0;
		};
		991D9B49267A0CE500D8AA82 /* Frameworks */ = {
			isa = PBXFrameworksBuildPhase;
			buildActionMask = 2147483647;
			files = (
			);
			runOnlyForDeploymentPostprocessing = 0;
		};
		991D9B54267A0CE500D8AA82 /* Frameworks */ = {
			isa = PBXFrameworksBuildPhase;
			buildActionMask = 2147483647;
			files = (
			);
			runOnlyForDeploymentPostprocessing = 0;
		};
		B7C7A145266E7E38007DB473 /* Frameworks */ = {
			isa = PBXFrameworksBuildPhase;
			buildActionMask = 2147483647;
			files = (
				B737A14B267118B400DDD4A8 /* HealthKit.framework in Frameworks */,
			);
			runOnlyForDeploymentPostprocessing = 0;
		};
/* End PBXFrameworksBuildPhase section */

/* Begin PBXGroup section */
		991D9B2C267A0CE000D8AA82 /* OktanaWatch */ = {
			isa = PBXGroup;
			children = (
				991D9B2D267A0CE000D8AA82 /* Interface.storyboard */,
				991D9B30267A0CE400D8AA82 /* Assets.xcassets */,
				991D9B32267A0CE400D8AA82 /* Info.plist */,
			);
			path = OktanaWatch;
			sourceTree = "<group>";
		};
		991D9B3B267A0CE400D8AA82 /* OktanaWatch Extension */ = {
			isa = PBXGroup;
			children = (
				9994AE3E267B5951008F1045 /* OktanaWatch Extension.entitlements */,
				991D9B3C267A0CE400D8AA82 /* InterfaceController.swift */,
				991D9B3E267A0CE400D8AA82 /* ExtensionDelegate.swift */,
				991D9B40267A0CE400D8AA82 /* NotificationController.swift */,
				991D9B42267A0CE400D8AA82 /* ComplicationController.swift */,
				991D9B44267A0CE500D8AA82 /* Assets.xcassets */,
				991D9B46267A0CE500D8AA82 /* Info.plist */,
				991D9B47267A0CE500D8AA82 /* PushNotificationPayload.apns */,
				9994AE41267B5B90008F1045 /* HealthKitWatchStore.swift */,
			);
			path = "OktanaWatch Extension";
			sourceTree = "<group>";
		};
		991D9B4F267A0CE500D8AA82 /* OktanaWatchTests */ = {
			isa = PBXGroup;
			children = (
				991D9B50267A0CE500D8AA82 /* OktanaWatchTests.swift */,
				991D9B52267A0CE500D8AA82 /* Info.plist */,
			);
			path = OktanaWatchTests;
			sourceTree = "<group>";
		};
		991D9B5A267A0CE500D8AA82 /* OktanaWatchUITests */ = {
			isa = PBXGroup;
			children = (
				991D9B5B267A0CE500D8AA82 /* OktanaWatchUITests.swift */,
				991D9B5D267A0CE500D8AA82 /* Info.plist */,
			);
			path = OktanaWatchUITests;
			sourceTree = "<group>";
		};
		99F926E4266F9199006A210A /* Reusable Components */ = {
			isa = PBXGroup;
			children = (
				B759727F2676599D00A36236 /* Streak & Point View */,
				B73E1C42267293F700054685 /* Button */,
				B73E1C3B2672900D00054685 /* AlertViewController */,
				99F926F926711A7B006A210A /* CircularProgressBarView.swift */,
				B7052C952672090100616D2B /* SkillTreeCustomView */,
				99F926DC266F7498006A210A /* MediumInfoCardView.swift */,
				99F926DE266F74BF006A210A /* MediumInfoCardView.xib */,
				E25617852670F31B00B96384 /* LongMediumInfoCardView.xib */,
				E25617872670F37400B96384 /* LongMediumInfoCardView.swift */,
				999468732672FC0B00302000 /* FocusedView.xib */,
				999468752672FE7100302000 /* FocusedView.swift */,
				990A06FD26778AD6002B0ACF /* customLeftSegue.swift */,
				E25EAEA426769E42001B270D /* MediumProgressCardViewCell.swift */,
				E25EAEA526769E42001B270D /* MediumProgressCardViewCell.xib */,
				E25EAEA82676DAE5001B270D /* LargeProgressCardViewCell.swift */,
				E25EAEA92676DAE5001B270D /* LargeProgressCardViewCell.xib */,
			);
			path = "Reusable Components";
			sourceTree = "<group>";
		};
		B7052C952672090100616D2B /* SkillTreeCustomView */ = {
			isa = PBXGroup;
			children = (
				B7052C912671E8A100616D2B /* SkillTreeCustomView.xib */,
				B7052C93267208FC00616D2B /* SkillTreeCustomView.swift */,
				B73E1C392672614600054685 /* View.xib */,
			);
			path = SkillTreeCustomView;
			sourceTree = "<group>";
		};
		B719039E266FDD5A00D34212 /* Managed Object Subclass */ = {
			isa = PBXGroup;
			children = (
				B737A1422670F25800DDD4A8 /* Fitness+CoreDataClass.swift */,
				B737A1432670F25800DDD4A8 /* Fitness+CoreDataProperties.swift */,
				B7B5F6142676FF9700AE431C /* Movement+CoreDataClass.swift */,
				B7B5F6152676FF9700AE431C /* Movement+CoreDataProperties.swift */,
				B71903A1266FDE3200D34212 /* User+CoreDataClass.swift */,
				B71903A2266FDE3200D34212 /* User+CoreDataProperties.swift */,
				B71903A3266FDE3200D34212 /* Workout+CoreDataClass.swift */,
				B71903A4266FDE3200D34212 /* Workout+CoreDataProperties.swift */,
			);
			path = "Managed Object Subclass";
			sourceTree = "<group>";
		};
		B737A149267118B400DDD4A8 /* Frameworks */ = {
			isa = PBXGroup;
			children = (
				9994AE3F267B5951008F1045 /* HealthKit.framework */,
				B737A14A267118B400DDD4A8 /* HealthKit.framework */,
			);
			name = Frameworks;
			sourceTree = "<group>";
		};
		B73E1C3B2672900D00054685 /* AlertViewController */ = {
			isa = PBXGroup;
			children = (
				B7DB80CC2673715F00977D24 /* Alert  */,
			);
			path = AlertViewController;
			sourceTree = "<group>";
		};
		B73E1C42267293F700054685 /* Button */ = {
			isa = PBXGroup;
			children = (
			);
			path = Button;
			sourceTree = "<group>";
		};
		B759727F2676599D00A36236 /* Streak & Point View */ = {
			isa = PBXGroup;
			children = (
				B7597280267659F500A36236 /* StreakPointView.xib */,
				B759728226765A0D00A36236 /* StreakPointView.swift */,
			);
			path = "Streak & Point View";
			sourceTree = "<group>";
		};
		B7B5F618267707CD00AE431C /* TableViewCell */ = {
			isa = PBXGroup;
			children = (
				B7B5F61926770BD400AE431C /* TitleTableViewCell.swift */,
				B7B5F61A26770BD400AE431C /* TitleTableViewCell.xib */,
				B7B5F6302677A97C00AE431C /* ProgressContentTableViewCell.swift */,
				B7B5F6312677A97C00AE431C /* ProgressContentTableViewCell.xib */,
				B7B5F6362677C5BE00AE431C /* FitnessTableViewCell.swift */,
				B7B5F6372677C5BE00AE431C /* FitnessTableViewCell.xib */,
			);
			path = TableViewCell;
			sourceTree = "<group>";
		};
		B7B5F61D26777EFD00AE431C /* ContentView */ = {
			isa = PBXGroup;
			children = (
				B7B5F62C2677A70700AE431C /* ContentCollectionViewCell.swift */,
				B7B5F62D2677A70700AE431C /* ContentCollectionViewCell.xib */,
			);
			path = ContentView;
			sourceTree = "<group>";
		};
		B7C7A13F266E7E38007DB473 = {
			isa = PBXGroup;
			children = (
				B7C7A14A266E7E38007DB473 /* Oktana */,
				991D9B2C267A0CE000D8AA82 /* OktanaWatch */,
				991D9B3B267A0CE400D8AA82 /* OktanaWatch Extension */,
				991D9B4F267A0CE500D8AA82 /* OktanaWatchTests */,
				991D9B5A267A0CE500D8AA82 /* OktanaWatchUITests */,
				B7C7A149266E7E38007DB473 /* Products */,
				B737A149267118B400DDD4A8 /* Frameworks */,
			);
			sourceTree = "<group>";
		};
		B7C7A149266E7E38007DB473 /* Products */ = {
			isa = PBXGroup;
			children = (
				B7C7A148266E7E38007DB473 /* Oktana.app */,
				991D9B2B267A0CE000D8AA82 /* OktanaWatch.app */,
				991D9B37267A0CE400D8AA82 /* OktanaWatch Extension.appex */,
				991D9B4C267A0CE500D8AA82 /* OktanaWatchTests.xctest */,
				991D9B57267A0CE500D8AA82 /* OktanaWatchUITests.xctest */,
			);
			name = Products;
			sourceTree = "<group>";
		};
		B7C7A14A266E7E38007DB473 /* Oktana */ = {
			isa = PBXGroup;
			children = (
				9994AE3D267B5393008F1045 /* Oktana.entitlements */,
				B737A148267118B400DDD4A8 /* OktanaDebug.entitlements */,
				B7C7A163266E8029007DB473 /* Movement Model */,
				B7C7A164266E803C007DB473 /* App */,
				B7C7A165266E8058007DB473 /* Module */,
				99F926E4266F9199006A210A /* Reusable Components */,
				B7C7A166266E8070007DB473 /* Manager */,
				B7C7A167266E807D007DB473 /* Resources */,
				B7C7A15C266E7E39007DB473 /* Info.plist */,
			);
			path = Oktana;
			sourceTree = "<group>";
		};
		B7C7A163266E8029007DB473 /* Movement Model */ = {
			isa = PBXGroup;
			children = (
				B7B4BA7C266FA78200B0E6A0 /* Movement.swift */,
				B737A14C2671204F00DDD4A8 /* HealthKitStore.swift */,
				990A06F926764C20002B0ACF /* MovementQueue.swift */,
			);
			path = "Movement Model";
			sourceTree = "<group>";
		};
		B7C7A164266E803C007DB473 /* App */ = {
			isa = PBXGroup;
			children = (
				B7C7A14B266E7E38007DB473 /* AppDelegate.swift */,
				B7C7A14D266E7E38007DB473 /* SceneDelegate.swift */,
			);
			path = App;
			sourceTree = "<group>";
		};
		B7C7A165266E8058007DB473 /* Module */ = {
			isa = PBXGroup;
			children = (
				B7C7A17F266E89D9007DB473 /* Root.storyboard */,
				B7C7A16D266E81D7007DB473 /* Intro */,
				B7C7A199266E938F007DB473 /* Skill Tree Page */,
				B7C7A198266E9383007DB473 /* Workout Page */,
				B7C7A19A266E9398007DB473 /* Progress Page */,
			);
			path = Module;
			sourceTree = "<group>";
		};
		B7C7A166266E8070007DB473 /* Manager */ = {
			isa = PBXGroup;
			children = (
				B7C7A19B266E947B007DB473 /* Core Data Manager */,
			);
			path = Manager;
			sourceTree = "<group>";
		};
		B7C7A167266E807D007DB473 /* Resources */ = {
			isa = PBXGroup;
			children = (
				B7C7A157266E7E39007DB473 /* Assets.xcassets */,
			);
			path = Resources;
			sourceTree = "<group>";
		};
		B7C7A16D266E81D7007DB473 /* Intro */ = {
			isa = PBXGroup;
			children = (
				B759728426766CAB00A36236 /* Boarding.storyboard */,
				B7C7A159266E7E39007DB473 /* LaunchScreen.storyboard */,
				B762ECC126788E8A00020938 /* BoardingViewController.swift */,
				B762ECC32678A98600020938 /* LastBoardingPageViewController.swift */,
			);
			path = Intro;
			sourceTree = "<group>";
		};
		B7C7A198266E9383007DB473 /* Workout Page */ = {
			isa = PBXGroup;
			children = (
				B7C7A18E266E932F007DB473 /* Workout.storyboard */,
				99F926DA266F4A4E006A210A /* WorkoutViewController.swift */,
				E256177F267065BE00B96384 /* WorkoutCompleteViewController.swift */,
				99F926E5266FBA83006A210A /* MovementDetailView.storyboard */,
				99F926E7266FC0AE006A210A /* MovementDetailViewController.swift */,
				99F926EB266FC811006A210A /* MovementDetailTableViewCell.swift */,
				99F926ED2670DB6B006A210A /* HowToDo.storyboard */,
				99F926EF2670DE9E006A210A /* HowToDoViewController.swift */,
				99F926F12670E25F006A210A /* HowToTableViewCell.swift */,
				99F926F326710B3F006A210A /* WorkoutMode.storyboard */,
				99F926F726710FE2006A210A /* WorkoutModeViewController.swift */,
				990A06FB26776E15002B0ACF /* WorkoutComplete.storyboard */,
			);
			path = "Workout Page";
			sourceTree = "<group>";
		};
		B7C7A199266E938F007DB473 /* Skill Tree Page */ = {
			isa = PBXGroup;
			children = (
				B7C7A192266E9359007DB473 /* Skill Tree.storyboard */,
				B73E1C372672539B00054685 /* SkillTreeViewController.swift */,
			);
			path = "Skill Tree Page";
			sourceTree = "<group>";
		};
		B7C7A19A266E9398007DB473 /* Progress Page */ = {
			isa = PBXGroup;
			children = (
				B7C7A195266E937B007DB473 /* Progress.storyboard */,
				E25EAEAC2676E569001B270D /* TestCompleteView.storyboard */,
				E256178B267150A400B96384 /* TestCompleteViewComtrollerViewController.swift */,
				E24CA7952673134600D35810 /* ProgressViewController.swift */,
				B7B5F61D26777EFD00AE431C /* ContentView */,
				B7B5F618267707CD00AE431C /* TableViewCell */,
			);
			path = "Progress Page";
			sourceTree = "<group>";
		};
		B7C7A19B266E947B007DB473 /* Core Data Manager */ = {
			isa = PBXGroup;
			children = (
				B7C7A154266E7E38007DB473 /* Oktana.xcdatamodeld */,
				B719039E266FDD5A00D34212 /* Managed Object Subclass */,
				B71903AB266FDE5000D34212 /* CoreDataManager.swift */,
			);
			path = "Core Data Manager";
			sourceTree = "<group>";
		};
		B7DB80CB2673714E00977D24 /* AlertUnlock */ = {
			isa = PBXGroup;
			children = (
				B73E1C3C2672902400054685 /* AlertUnlockViewController.swift */,
				B73E1C3D2672902400054685 /* AlertUnlockViewController.xib */,
			);
			path = AlertUnlock;
			sourceTree = "<group>";
		};
		B7DB80CC2673715F00977D24 /* Alert  */ = {
			isa = PBXGroup;
			children = (
				B7DB80D226737BD000977D24 /* AlertTest */,
				B7DB80CD2673723300977D24 /* AlertStandard */,
				B7DB80CB2673714E00977D24 /* AlertUnlock */,
			);
			path = "Alert ";
			sourceTree = "<group>";
		};
		B7DB80CD2673723300977D24 /* AlertStandard */ = {
			isa = PBXGroup;
			children = (
				B7DB80CE2673725A00977D24 /* AlertStandardViewController.swift */,
				B7DB80CF2673725A00977D24 /* AlertStandardViewController.xib */,
			);
			path = AlertStandard;
			sourceTree = "<group>";
		};
		B7DB80D226737BD000977D24 /* AlertTest */ = {
			isa = PBXGroup;
			children = (
				B7DB80D526737C0300977D24 /* AlertTestViewController.swift */,
				B7DB80D626737C0300977D24 /* AlertTestViewController.xib */,
			);
			path = AlertTest;
			sourceTree = "<group>";
		};
/* End PBXGroup section */

/* Begin PBXNativeTarget section */
		991D9B2A267A0CE000D8AA82 /* OktanaWatch */ = {
			isa = PBXNativeTarget;
			buildConfigurationList = 991D9B6C267A0CE500D8AA82 /* Build configuration list for PBXNativeTarget "OktanaWatch" */;
			buildPhases = (
				991D9B29267A0CE000D8AA82 /* Resources */,
				991D9B64267A0CE500D8AA82 /* Embed App Extensions */,
			);
			buildRules = (
			);
			dependencies = (
				991D9B3A267A0CE400D8AA82 /* PBXTargetDependency */,
			);
			name = OktanaWatch;
			productName = OktanaWatch;
			productReference = 991D9B2B267A0CE000D8AA82 /* OktanaWatch.app */;
			productType = "com.apple.product-type.application.watchapp2";
		};
		991D9B36267A0CE400D8AA82 /* OktanaWatch Extension */ = {
			isa = PBXNativeTarget;
			buildConfigurationList = 991D9B6B267A0CE500D8AA82 /* Build configuration list for PBXNativeTarget "OktanaWatch Extension" */;
			buildPhases = (
				991D9B33267A0CE400D8AA82 /* Sources */,
				991D9B34267A0CE400D8AA82 /* Frameworks */,
				991D9B35267A0CE400D8AA82 /* Resources */,
			);
			buildRules = (
			);
			dependencies = (
			);
			name = "OktanaWatch Extension";
			productName = "OktanaWatch Extension";
			productReference = 991D9B37267A0CE400D8AA82 /* OktanaWatch Extension.appex */;
			productType = "com.apple.product-type.watchkit2-extension";
		};
		991D9B4B267A0CE500D8AA82 /* OktanaWatchTests */ = {
			isa = PBXNativeTarget;
			buildConfigurationList = 991D9B6D267A0CE500D8AA82 /* Build configuration list for PBXNativeTarget "OktanaWatchTests" */;
			buildPhases = (
				991D9B48267A0CE500D8AA82 /* Sources */,
				991D9B49267A0CE500D8AA82 /* Frameworks */,
				991D9B4A267A0CE500D8AA82 /* Resources */,
			);
			buildRules = (
			);
			dependencies = (
				991D9B4E267A0CE500D8AA82 /* PBXTargetDependency */,
			);
			name = OktanaWatchTests;
			productName = OktanaWatchTests;
			productReference = 991D9B4C267A0CE500D8AA82 /* OktanaWatchTests.xctest */;
			productType = "com.apple.product-type.bundle.unit-test";
		};
		991D9B56267A0CE500D8AA82 /* OktanaWatchUITests */ = {
			isa = PBXNativeTarget;
			buildConfigurationList = 991D9B6E267A0CE500D8AA82 /* Build configuration list for PBXNativeTarget "OktanaWatchUITests" */;
			buildPhases = (
				991D9B53267A0CE500D8AA82 /* Sources */,
				991D9B54267A0CE500D8AA82 /* Frameworks */,
				991D9B55267A0CE500D8AA82 /* Resources */,
			);
			buildRules = (
			);
			dependencies = (
				991D9B59267A0CE500D8AA82 /* PBXTargetDependency */,
			);
			name = OktanaWatchUITests;
			productName = OktanaWatchUITests;
			productReference = 991D9B57267A0CE500D8AA82 /* OktanaWatchUITests.xctest */;
			productType = "com.apple.product-type.bundle.ui-testing";
		};
		B7C7A147266E7E38007DB473 /* Oktana */ = {
			isa = PBXNativeTarget;
			buildConfigurationList = B7C7A15F266E7E39007DB473 /* Build configuration list for PBXNativeTarget "Oktana" */;
			buildPhases = (
				B7C7A144266E7E38007DB473 /* Sources */,
				B7C7A145266E7E38007DB473 /* Frameworks */,
				B7C7A146266E7E38007DB473 /* Resources */,
				991D9B61267A0CE500D8AA82 /* Embed Watch Content */,
			);
			buildRules = (
			);
			dependencies = (
				991D9B5F267A0CE500D8AA82 /* PBXTargetDependency */,
			);
			name = Oktana;
			productName = Oktana;
			productReference = B7C7A148266E7E38007DB473 /* Oktana.app */;
			productType = "com.apple.product-type.application";
		};
/* End PBXNativeTarget section */

/* Begin PBXProject section */
		B7C7A140266E7E38007DB473 /* Project object */ = {
			isa = PBXProject;
			attributes = {
				LastSwiftUpdateCheck = 1250;
				LastUpgradeCheck = 1240;
				TargetAttributes = {
					991D9B2A267A0CE000D8AA82 = {
						CreatedOnToolsVersion = 12.5;
					};
					991D9B36267A0CE400D8AA82 = {
						CreatedOnToolsVersion = 12.5;
					};
					991D9B4B267A0CE500D8AA82 = {
						CreatedOnToolsVersion = 12.5;
						TestTargetID = 991D9B36267A0CE400D8AA82;
					};
					991D9B56267A0CE500D8AA82 = {
						CreatedOnToolsVersion = 12.5;
						TestTargetID = 991D9B2A267A0CE000D8AA82;
					};
					B7C7A147266E7E38007DB473 = {
						CreatedOnToolsVersion = 12.4;
					};
				};
			};
			buildConfigurationList = B7C7A143266E7E38007DB473 /* Build configuration list for PBXProject "Oktana" */;
			compatibilityVersion = "Xcode 9.3";
			developmentRegion = en;
			hasScannedForEncodings = 0;
			knownRegions = (
				en,
				Base,
			);
			mainGroup = B7C7A13F266E7E38007DB473;
			productRefGroup = B7C7A149266E7E38007DB473 /* Products */;
			projectDirPath = "";
			projectRoot = "";
			targets = (
				B7C7A147266E7E38007DB473 /* Oktana */,
				991D9B2A267A0CE000D8AA82 /* OktanaWatch */,
				991D9B36267A0CE400D8AA82 /* OktanaWatch Extension */,
				991D9B4B267A0CE500D8AA82 /* OktanaWatchTests */,
				991D9B56267A0CE500D8AA82 /* OktanaWatchUITests */,
			);
		};
/* End PBXProject section */

/* Begin PBXResourcesBuildPhase section */
		991D9B29267A0CE000D8AA82 /* Resources */ = {
			isa = PBXResourcesBuildPhase;
			buildActionMask = 2147483647;
			files = (
				991D9B31267A0CE400D8AA82 /* Assets.xcassets in Resources */,
				991D9B2F267A0CE000D8AA82 /* Interface.storyboard in Resources */,
			);
			runOnlyForDeploymentPostprocessing = 0;
		};
		991D9B35267A0CE400D8AA82 /* Resources */ = {
			isa = PBXResourcesBuildPhase;
			buildActionMask = 2147483647;
			files = (
				991D9B45267A0CE500D8AA82 /* Assets.xcassets in Resources */,
			);
			runOnlyForDeploymentPostprocessing = 0;
		};
		991D9B4A267A0CE500D8AA82 /* Resources */ = {
			isa = PBXResourcesBuildPhase;
			buildActionMask = 2147483647;
			files = (
			);
			runOnlyForDeploymentPostprocessing = 0;
		};
		991D9B55267A0CE500D8AA82 /* Resources */ = {
			isa = PBXResourcesBuildPhase;
			buildActionMask = 2147483647;
			files = (
			);
			runOnlyForDeploymentPostprocessing = 0;
		};
		B7C7A146266E7E38007DB473 /* Resources */ = {
			isa = PBXResourcesBuildPhase;
			buildActionMask = 2147483647;
			files = (
				B7B5F6392677C5BE00AE431C /* FitnessTableViewCell.xib in Resources */,
				999468742672FC0B00302000 /* FocusedView.xib in Resources */,
				99F926EE2670DB6B006A210A /* HowToDo.storyboard in Resources */,
				99F926F426710B3F006A210A /* WorkoutMode.storyboard in Resources */,
				B7B5F61C26770BD400AE431C /* TitleTableViewCell.xib in Resources */,
				B7052C922671E8A100616D2B /* SkillTreeCustomView.xib in Resources */,
				B7DB80D12673725A00977D24 /* AlertStandardViewController.xib in Resources */,
				B7B5F6332677A97C00AE431C /* ProgressContentTableViewCell.xib in Resources */,
				B7597281267659F500A36236 /* StreakPointView.xib in Resources */,
				99F926DF266F74BF006A210A /* MediumInfoCardView.xib in Resources */,
				B7C7A18F266E932F007DB473 /* Workout.storyboard in Resources */,
				B759728526766CAB00A36236 /* Boarding.storyboard in Resources */,
				B73E1C3A2672614600054685 /* View.xib in Resources */,
				B7C7A193266E9359007DB473 /* Skill Tree.storyboard in Resources */,
				B7DB80D826737C0300977D24 /* AlertTestViewController.xib in Resources */,
				B73E1C3F2672902400054685 /* AlertUnlockViewController.xib in Resources */,
				990A06FC26776E15002B0ACF /* WorkoutComplete.storyboard in Resources */,
				B7C7A180266E89D9007DB473 /* Root.storyboard in Resources */,
				E25EAEAD2676E569001B270D /* TestCompleteView.storyboard in Resources */,
				B7C7A196266E937B007DB473 /* Progress.storyboard in Resources */,
				E25EAEA726769E42001B270D /* MediumProgressCardViewCell.xib in Resources */,
				B7B5F62F2677A70700AE431C /* ContentCollectionViewCell.xib in Resources */,
				99F926E6266FBA83006A210A /* MovementDetailView.storyboard in Resources */,
				E25617862670F31B00B96384 /* LongMediumInfoCardView.xib in Resources */,
				E25EAEAB2676DAE5001B270D /* LargeProgressCardViewCell.xib in Resources */,
				B7C7A15B266E7E39007DB473 /* LaunchScreen.storyboard in Resources */,
				B7C7A158266E7E39007DB473 /* Assets.xcassets in Resources */,
			);
			runOnlyForDeploymentPostprocessing = 0;
		};
/* End PBXResourcesBuildPhase section */

/* Begin PBXSourcesBuildPhase section */
		991D9B33267A0CE400D8AA82 /* Sources */ = {
			isa = PBXSourcesBuildPhase;
			buildActionMask = 2147483647;
			files = (
				991D9B41267A0CE400D8AA82 /* NotificationController.swift in Sources */,
				9994AE42267B5B90008F1045 /* HealthKitWatchStore.swift in Sources */,
				991D9B43267A0CE400D8AA82 /* ComplicationController.swift in Sources */,
				991D9B3F267A0CE400D8AA82 /* ExtensionDelegate.swift in Sources */,
				991D9B3D267A0CE400D8AA82 /* InterfaceController.swift in Sources */,
			);
			runOnlyForDeploymentPostprocessing = 0;
		};
		991D9B48267A0CE500D8AA82 /* Sources */ = {
			isa = PBXSourcesBuildPhase;
			buildActionMask = 2147483647;
			files = (
				991D9B51267A0CE500D8AA82 /* OktanaWatchTests.swift in Sources */,
			);
			runOnlyForDeploymentPostprocessing = 0;
		};
		991D9B53267A0CE500D8AA82 /* Sources */ = {
			isa = PBXSourcesBuildPhase;
			buildActionMask = 2147483647;
			files = (
				991D9B5C267A0CE500D8AA82 /* OktanaWatchUITests.swift in Sources */,
			);
			runOnlyForDeploymentPostprocessing = 0;
		};
		B7C7A144266E7E38007DB473 /* Sources */ = {
			isa = PBXSourcesBuildPhase;
			buildActionMask = 2147483647;
			files = (
				B7B5F61B26770BD400AE431C /* TitleTableViewCell.swift in Sources */,
				99F926E8266FC0AE006A210A /* MovementDetailViewController.swift in Sources */,
				B7DB80D726737C0300977D24 /* AlertTestViewController.swift in Sources */,
				B762ECC42678A98600020938 /* LastBoardingPageViewController.swift in Sources */,
				99F926DB266F4A4E006A210A /* WorkoutViewController.swift in Sources */,
				B7C7A156266E7E38007DB473 /* Oktana.xcdatamodeld in Sources */,
				B7DB80D02673725A00977D24 /* AlertStandardViewController.swift in Sources */,
				E25EAEA626769E42001B270D /* MediumProgressCardViewCell.swift in Sources */,
				E24CA7962673134600D35810 /* ProgressViewController.swift in Sources */,
				B7B4BA7D266FA78200B0E6A0 /* Movement.swift in Sources */,
				999468762672FE7100302000 /* FocusedView.swift in Sources */,
				999468762672FE7100302000 /* FocusedView.swift in Sources */,
				B7B5F6322677A97C00AE431C /* ProgressContentTableViewCell.swift in Sources */,
				999468762672FE7100302000 /* FocusedView.swift in Sources */,
				990A06FE26778AD6002B0ACF /* customLeftSegue.swift in Sources */,
				E25617882670F37400B96384 /* LongMediumInfoCardView.swift in Sources */,
				B7C7A14C266E7E38007DB473 /* AppDelegate.swift in Sources */,
				B71903A7266FDE3200D34212 /* User+CoreDataClass.swift in Sources */,
				99F926FA26711A7B006A210A /* CircularProgressBarView.swift in Sources */,
				B71903AA266FDE3200D34212 /* Workout+CoreDataProperties.swift in Sources */,
				B73E1C382672539B00054685 /* SkillTreeViewController.swift in Sources */,
				B7052C94267208FC00616D2B /* SkillTreeCustomView.swift in Sources */,
				B71903AC266FDE5000D34212 /* CoreDataManager.swift in Sources */,
				99F926F02670DE9E006A210A /* HowToDoViewController.swift in Sources */,
				B7C7A14E266E7E38007DB473 /* SceneDelegate.swift in Sources */,
				B7B5F6382677C5BE00AE431C /* FitnessTableViewCell.swift in Sources */,
				E2561780267065BE00B96384 /* WorkoutCompleteViewController.swift in Sources */,
				B737A1442670F25800DDD4A8 /* Fitness+CoreDataClass.swift in Sources */,
				99F926F826710FE2006A210A /* WorkoutModeViewController.swift in Sources */,
				B737A1452670F25800DDD4A8 /* Fitness+CoreDataProperties.swift in Sources */,
				B762ECC226788E8A00020938 /* BoardingViewController.swift in Sources */,
				B71903A8266FDE3200D34212 /* User+CoreDataProperties.swift in Sources */,
				B7B5F6172676FF9700AE431C /* Movement+CoreDataProperties.swift in Sources */,
				99F926DD266F7498006A210A /* MediumInfoCardView.swift in Sources */,
				B737A14D2671204F00DDD4A8 /* HealthKitStore.swift in Sources */,
				B73E1C3E2672902400054685 /* AlertUnlockViewController.swift in Sources */,
				99F926F22670E25F006A210A /* HowToTableViewCell.swift in Sources */,
				B71903A9266FDE3200D34212 /* Workout+CoreDataClass.swift in Sources */,
				B7B5F62E2677A70700AE431C /* ContentCollectionViewCell.swift in Sources */,
				E25EAEAA2676DAE5001B270D /* LargeProgressCardViewCell.swift in Sources */,
				99F926EC266FC811006A210A /* MovementDetailTableViewCell.swift in Sources */,
				990A06FA26764C20002B0ACF /* MovementQueue.swift in Sources */,
				E256178C267150A400B96384 /* TestCompleteViewComtrollerViewController.swift in Sources */,
				B7B5F6162676FF9700AE431C /* Movement+CoreDataClass.swift in Sources */,
				B759728326765A0D00A36236 /* StreakPointView.swift in Sources */,
			);
			runOnlyForDeploymentPostprocessing = 0;
		};
/* End PBXSourcesBuildPhase section */

/* Begin PBXTargetDependency section */
		991D9B3A267A0CE400D8AA82 /* PBXTargetDependency */ = {
			isa = PBXTargetDependency;
			target = 991D9B36267A0CE400D8AA82 /* OktanaWatch Extension */;
			targetProxy = 991D9B39267A0CE400D8AA82 /* PBXContainerItemProxy */;
		};
		991D9B4E267A0CE500D8AA82 /* PBXTargetDependency */ = {
			isa = PBXTargetDependency;
			target = 991D9B36267A0CE400D8AA82 /* OktanaWatch Extension */;
			targetProxy = 991D9B4D267A0CE500D8AA82 /* PBXContainerItemProxy */;
		};
		991D9B59267A0CE500D8AA82 /* PBXTargetDependency */ = {
			isa = PBXTargetDependency;
			target = 991D9B2A267A0CE000D8AA82 /* OktanaWatch */;
			targetProxy = 991D9B58267A0CE500D8AA82 /* PBXContainerItemProxy */;
		};
		991D9B5F267A0CE500D8AA82 /* PBXTargetDependency */ = {
			isa = PBXTargetDependency;
			target = 991D9B2A267A0CE000D8AA82 /* OktanaWatch */;
			targetProxy = 991D9B5E267A0CE500D8AA82 /* PBXContainerItemProxy */;
		};
/* End PBXTargetDependency section */

/* Begin PBXVariantGroup section */
		991D9B2D267A0CE000D8AA82 /* Interface.storyboard */ = {
			isa = PBXVariantGroup;
			children = (
				991D9B2E267A0CE000D8AA82 /* Base */,
			);
			name = Interface.storyboard;
			sourceTree = "<group>";
		};
		B7C7A159266E7E39007DB473 /* LaunchScreen.storyboard */ = {
			isa = PBXVariantGroup;
			children = (
				B7C7A15A266E7E39007DB473 /* Base */,
			);
			name = LaunchScreen.storyboard;
			sourceTree = "<group>";
		};
/* End PBXVariantGroup section */

/* Begin XCBuildConfiguration section */
		991D9B62267A0CE500D8AA82 /* Debug */ = {
			isa = XCBuildConfiguration;
			buildSettings = {
				ALWAYS_EMBED_SWIFT_STANDARD_LIBRARIES = YES;
				ASSETCATALOG_COMPILER_APPICON_NAME = AppIcon;
				ASSETCATALOG_COMPILER_GLOBAL_ACCENT_COLOR_NAME = AccentColor;
				CODE_SIGN_STYLE = Automatic;
				DEVELOPMENT_TEAM = P289J6CTPZ;
				IBSC_MODULE = OktanaWatch_Extension;
				INFOPLIST_FILE = OktanaWatch/Info.plist;
				PRODUCT_BUNDLE_IDENTIFIER = AppleDeveloperAcademyBinus.Oktana.watchkitapp;
				PRODUCT_NAME = "$(TARGET_NAME)";
				SDKROOT = watchos;
				SKIP_INSTALL = YES;
				SWIFT_VERSION = 5.0;
				TARGETED_DEVICE_FAMILY = 4;
				WATCHOS_DEPLOYMENT_TARGET = 7.4;
			};
			name = Debug;
		};
		991D9B63267A0CE500D8AA82 /* Release */ = {
			isa = XCBuildConfiguration;
			buildSettings = {
				ALWAYS_EMBED_SWIFT_STANDARD_LIBRARIES = YES;
				ASSETCATALOG_COMPILER_APPICON_NAME = AppIcon;
				ASSETCATALOG_COMPILER_GLOBAL_ACCENT_COLOR_NAME = AccentColor;
				CODE_SIGN_STYLE = Automatic;
				DEVELOPMENT_TEAM = P289J6CTPZ;
				IBSC_MODULE = OktanaWatch_Extension;
				INFOPLIST_FILE = OktanaWatch/Info.plist;
				PRODUCT_BUNDLE_IDENTIFIER = AppleDeveloperAcademyBinus.Oktana.watchkitapp;
				PRODUCT_NAME = "$(TARGET_NAME)";
				SDKROOT = watchos;
				SKIP_INSTALL = YES;
				SWIFT_VERSION = 5.0;
				TARGETED_DEVICE_FAMILY = 4;
				WATCHOS_DEPLOYMENT_TARGET = 7.4;
			};
			name = Release;
		};
		991D9B65267A0CE500D8AA82 /* Debug */ = {
			isa = XCBuildConfiguration;
			buildSettings = {
				ASSETCATALOG_COMPILER_COMPLICATION_NAME = Complication;
				CODE_SIGN_ENTITLEMENTS = "OktanaWatch Extension/OktanaWatch Extension.entitlements";
				CODE_SIGN_STYLE = Automatic;
				DEVELOPMENT_TEAM = P289J6CTPZ;
				INFOPLIST_FILE = "OktanaWatch Extension/Info.plist";
				LD_RUNPATH_SEARCH_PATHS = (
					"$(inherited)",
					"@executable_path/Frameworks",
					"@executable_path/../../Frameworks",
				);
				PRODUCT_BUNDLE_IDENTIFIER = AppleDeveloperAcademyBinus.Oktana.watchkitapp.watchkitextension;
				PRODUCT_NAME = "${TARGET_NAME}";
				SDKROOT = watchos;
				SKIP_INSTALL = YES;
				SWIFT_VERSION = 5.0;
				TARGETED_DEVICE_FAMILY = 4;
				WATCHOS_DEPLOYMENT_TARGET = 7.4;
			};
			name = Debug;
		};
		991D9B66267A0CE500D8AA82 /* Release */ = {
			isa = XCBuildConfiguration;
			buildSettings = {
				ASSETCATALOG_COMPILER_COMPLICATION_NAME = Complication;
				CODE_SIGN_ENTITLEMENTS = "OktanaWatch Extension/OktanaWatch Extension.entitlements";
				CODE_SIGN_STYLE = Automatic;
				DEVELOPMENT_TEAM = P289J6CTPZ;
				INFOPLIST_FILE = "OktanaWatch Extension/Info.plist";
				LD_RUNPATH_SEARCH_PATHS = (
					"$(inherited)",
					"@executable_path/Frameworks",
					"@executable_path/../../Frameworks",
				);
				PRODUCT_BUNDLE_IDENTIFIER = AppleDeveloperAcademyBinus.Oktana.watchkitapp.watchkitextension;
				PRODUCT_NAME = "${TARGET_NAME}";
				SDKROOT = watchos;
				SKIP_INSTALL = YES;
				SWIFT_VERSION = 5.0;
				TARGETED_DEVICE_FAMILY = 4;
				WATCHOS_DEPLOYMENT_TARGET = 7.4;
			};
			name = Release;
		};
		991D9B67267A0CE500D8AA82 /* Debug */ = {
			isa = XCBuildConfiguration;
			buildSettings = {
				ALWAYS_EMBED_SWIFT_STANDARD_LIBRARIES = YES;
				BUNDLE_LOADER = "$(TEST_HOST)";
				CODE_SIGN_STYLE = Automatic;
				DEVELOPMENT_TEAM = P289J6CTPZ;
				INFOPLIST_FILE = OktanaWatchTests/Info.plist;
				LD_RUNPATH_SEARCH_PATHS = (
					"$(inherited)",
					"@executable_path/Frameworks",
					"@loader_path/Frameworks",
				);
				PRODUCT_BUNDLE_IDENTIFIER = AppleDeveloperAcademyBinus.Oktana.OktanaWatchTests;
				PRODUCT_NAME = "$(TARGET_NAME)";
				SDKROOT = watchos;
				SWIFT_VERSION = 5.0;
				TARGETED_DEVICE_FAMILY = 4;
				TEST_HOST = "$(BUILT_PRODUCTS_DIR)/OktanaWatch Extension.appex/OktanaWatch Extension";
				WATCHOS_DEPLOYMENT_TARGET = 7.4;
			};
			name = Debug;
		};
		991D9B68267A0CE500D8AA82 /* Release */ = {
			isa = XCBuildConfiguration;
			buildSettings = {
				ALWAYS_EMBED_SWIFT_STANDARD_LIBRARIES = YES;
				BUNDLE_LOADER = "$(TEST_HOST)";
				CODE_SIGN_STYLE = Automatic;
				DEVELOPMENT_TEAM = P289J6CTPZ;
				INFOPLIST_FILE = OktanaWatchTests/Info.plist;
				LD_RUNPATH_SEARCH_PATHS = (
					"$(inherited)",
					"@executable_path/Frameworks",
					"@loader_path/Frameworks",
				);
				PRODUCT_BUNDLE_IDENTIFIER = AppleDeveloperAcademyBinus.Oktana.OktanaWatchTests;
				PRODUCT_NAME = "$(TARGET_NAME)";
				SDKROOT = watchos;
				SWIFT_VERSION = 5.0;
				TARGETED_DEVICE_FAMILY = 4;
				TEST_HOST = "$(BUILT_PRODUCTS_DIR)/OktanaWatch Extension.appex/OktanaWatch Extension";
				WATCHOS_DEPLOYMENT_TARGET = 7.4;
			};
			name = Release;
		};
		991D9B69267A0CE500D8AA82 /* Debug */ = {
			isa = XCBuildConfiguration;
			buildSettings = {
				CODE_SIGN_STYLE = Automatic;
				DEVELOPMENT_TEAM = P289J6CTPZ;
				INFOPLIST_FILE = OktanaWatchUITests/Info.plist;
				LD_RUNPATH_SEARCH_PATHS = (
					"$(inherited)",
					"@executable_path/Frameworks",
					"@loader_path/Frameworks",
				);
				PRODUCT_BUNDLE_IDENTIFIER = AppleDeveloperAcademyBinus.Oktana.OktanaWatchUITests;
				PRODUCT_NAME = "$(TARGET_NAME)";
				SDKROOT = watchos;
				SWIFT_VERSION = 5.0;
				TARGETED_DEVICE_FAMILY = 4;
				TEST_TARGET_NAME = OktanaWatch;
				WATCHOS_DEPLOYMENT_TARGET = 7.4;
			};
			name = Debug;
		};
		991D9B6A267A0CE500D8AA82 /* Release */ = {
			isa = XCBuildConfiguration;
			buildSettings = {
				CODE_SIGN_STYLE = Automatic;
				DEVELOPMENT_TEAM = P289J6CTPZ;
				INFOPLIST_FILE = OktanaWatchUITests/Info.plist;
				LD_RUNPATH_SEARCH_PATHS = (
					"$(inherited)",
					"@executable_path/Frameworks",
					"@loader_path/Frameworks",
				);
				PRODUCT_BUNDLE_IDENTIFIER = AppleDeveloperAcademyBinus.Oktana.OktanaWatchUITests;
				PRODUCT_NAME = "$(TARGET_NAME)";
				SDKROOT = watchos;
				SWIFT_VERSION = 5.0;
				TARGETED_DEVICE_FAMILY = 4;
				TEST_TARGET_NAME = OktanaWatch;
				WATCHOS_DEPLOYMENT_TARGET = 7.4;
			};
			name = Release;
		};
		B7C7A15D266E7E39007DB473 /* Debug */ = {
			isa = XCBuildConfiguration;
			buildSettings = {
				ALWAYS_SEARCH_USER_PATHS = NO;
				CLANG_ANALYZER_NONNULL = YES;
				CLANG_ANALYZER_NUMBER_OBJECT_CONVERSION = YES_AGGRESSIVE;
				CLANG_CXX_LANGUAGE_STANDARD = "gnu++14";
				CLANG_CXX_LIBRARY = "libc++";
				CLANG_ENABLE_MODULES = YES;
				CLANG_ENABLE_OBJC_ARC = YES;
				CLANG_ENABLE_OBJC_WEAK = YES;
				CLANG_WARN_BLOCK_CAPTURE_AUTORELEASING = YES;
				CLANG_WARN_BOOL_CONVERSION = YES;
				CLANG_WARN_COMMA = YES;
				CLANG_WARN_CONSTANT_CONVERSION = YES;
				CLANG_WARN_DEPRECATED_OBJC_IMPLEMENTATIONS = YES;
				CLANG_WARN_DIRECT_OBJC_ISA_USAGE = YES_ERROR;
				CLANG_WARN_DOCUMENTATION_COMMENTS = YES;
				CLANG_WARN_EMPTY_BODY = YES;
				CLANG_WARN_ENUM_CONVERSION = YES;
				CLANG_WARN_INFINITE_RECURSION = YES;
				CLANG_WARN_INT_CONVERSION = YES;
				CLANG_WARN_NON_LITERAL_NULL_CONVERSION = YES;
				CLANG_WARN_OBJC_IMPLICIT_RETAIN_SELF = YES;
				CLANG_WARN_OBJC_LITERAL_CONVERSION = YES;
				CLANG_WARN_OBJC_ROOT_CLASS = YES_ERROR;
				CLANG_WARN_QUOTED_INCLUDE_IN_FRAMEWORK_HEADER = YES;
				CLANG_WARN_RANGE_LOOP_ANALYSIS = YES;
				CLANG_WARN_STRICT_PROTOTYPES = YES;
				CLANG_WARN_SUSPICIOUS_MOVE = YES;
				CLANG_WARN_UNGUARDED_AVAILABILITY = YES_AGGRESSIVE;
				CLANG_WARN_UNREACHABLE_CODE = YES;
				CLANG_WARN__DUPLICATE_METHOD_MATCH = YES;
				COPY_PHASE_STRIP = NO;
				DEBUG_INFORMATION_FORMAT = dwarf;
				ENABLE_STRICT_OBJC_MSGSEND = YES;
				ENABLE_TESTABILITY = YES;
				GCC_C_LANGUAGE_STANDARD = gnu11;
				GCC_DYNAMIC_NO_PIC = NO;
				GCC_NO_COMMON_BLOCKS = YES;
				GCC_OPTIMIZATION_LEVEL = 0;
				GCC_PREPROCESSOR_DEFINITIONS = (
					"DEBUG=1",
					"$(inherited)",
				);
				GCC_WARN_64_TO_32_BIT_CONVERSION = YES;
				GCC_WARN_ABOUT_RETURN_TYPE = YES_ERROR;
				GCC_WARN_UNDECLARED_SELECTOR = YES;
				GCC_WARN_UNINITIALIZED_AUTOS = YES_AGGRESSIVE;
				GCC_WARN_UNUSED_FUNCTION = YES;
				GCC_WARN_UNUSED_VARIABLE = YES;
				IPHONEOS_DEPLOYMENT_TARGET = 14.4;
				MTL_ENABLE_DEBUG_INFO = INCLUDE_SOURCE;
				MTL_FAST_MATH = YES;
				ONLY_ACTIVE_ARCH = YES;
				SDKROOT = iphoneos;
				SWIFT_ACTIVE_COMPILATION_CONDITIONS = DEBUG;
				SWIFT_OPTIMIZATION_LEVEL = "-Onone";
			};
			name = Debug;
		};
		B7C7A15E266E7E39007DB473 /* Release */ = {
			isa = XCBuildConfiguration;
			buildSettings = {
				ALWAYS_SEARCH_USER_PATHS = NO;
				CLANG_ANALYZER_NONNULL = YES;
				CLANG_ANALYZER_NUMBER_OBJECT_CONVERSION = YES_AGGRESSIVE;
				CLANG_CXX_LANGUAGE_STANDARD = "gnu++14";
				CLANG_CXX_LIBRARY = "libc++";
				CLANG_ENABLE_MODULES = YES;
				CLANG_ENABLE_OBJC_ARC = YES;
				CLANG_ENABLE_OBJC_WEAK = YES;
				CLANG_WARN_BLOCK_CAPTURE_AUTORELEASING = YES;
				CLANG_WARN_BOOL_CONVERSION = YES;
				CLANG_WARN_COMMA = YES;
				CLANG_WARN_CONSTANT_CONVERSION = YES;
				CLANG_WARN_DEPRECATED_OBJC_IMPLEMENTATIONS = YES;
				CLANG_WARN_DIRECT_OBJC_ISA_USAGE = YES_ERROR;
				CLANG_WARN_DOCUMENTATION_COMMENTS = YES;
				CLANG_WARN_EMPTY_BODY = YES;
				CLANG_WARN_ENUM_CONVERSION = YES;
				CLANG_WARN_INFINITE_RECURSION = YES;
				CLANG_WARN_INT_CONVERSION = YES;
				CLANG_WARN_NON_LITERAL_NULL_CONVERSION = YES;
				CLANG_WARN_OBJC_IMPLICIT_RETAIN_SELF = YES;
				CLANG_WARN_OBJC_LITERAL_CONVERSION = YES;
				CLANG_WARN_OBJC_ROOT_CLASS = YES_ERROR;
				CLANG_WARN_QUOTED_INCLUDE_IN_FRAMEWORK_HEADER = YES;
				CLANG_WARN_RANGE_LOOP_ANALYSIS = YES;
				CLANG_WARN_STRICT_PROTOTYPES = YES;
				CLANG_WARN_SUSPICIOUS_MOVE = YES;
				CLANG_WARN_UNGUARDED_AVAILABILITY = YES_AGGRESSIVE;
				CLANG_WARN_UNREACHABLE_CODE = YES;
				CLANG_WARN__DUPLICATE_METHOD_MATCH = YES;
				COPY_PHASE_STRIP = NO;
				DEBUG_INFORMATION_FORMAT = "dwarf-with-dsym";
				ENABLE_NS_ASSERTIONS = NO;
				ENABLE_STRICT_OBJC_MSGSEND = YES;
				GCC_C_LANGUAGE_STANDARD = gnu11;
				GCC_NO_COMMON_BLOCKS = YES;
				GCC_WARN_64_TO_32_BIT_CONVERSION = YES;
				GCC_WARN_ABOUT_RETURN_TYPE = YES_ERROR;
				GCC_WARN_UNDECLARED_SELECTOR = YES;
				GCC_WARN_UNINITIALIZED_AUTOS = YES_AGGRESSIVE;
				GCC_WARN_UNUSED_FUNCTION = YES;
				GCC_WARN_UNUSED_VARIABLE = YES;
				IPHONEOS_DEPLOYMENT_TARGET = 14.4;
				MTL_ENABLE_DEBUG_INFO = NO;
				MTL_FAST_MATH = YES;
				SDKROOT = iphoneos;
				SWIFT_COMPILATION_MODE = wholemodule;
				SWIFT_OPTIMIZATION_LEVEL = "-O";
				VALIDATE_PRODUCT = YES;
			};
			name = Release;
		};
		B7C7A160266E7E39007DB473 /* Debug */ = {
			isa = XCBuildConfiguration;
			buildSettings = {
				ASSETCATALOG_COMPILER_APPICON_NAME = AppIcon;
				ASSETCATALOG_COMPILER_GLOBAL_ACCENT_COLOR_NAME = AccentColor;
				CODE_SIGN_ENTITLEMENTS = Oktana/OktanaDebug.entitlements;
				CODE_SIGN_STYLE = Automatic;
				DEVELOPMENT_TEAM = P289J6CTPZ;
				INFOPLIST_FILE = Oktana/Info.plist;
				LD_RUNPATH_SEARCH_PATHS = (
					"$(inherited)",
					"@executable_path/Frameworks",
				);
				PRODUCT_BUNDLE_IDENTIFIER = AppleDeveloperAcademyBinus.Oktana;
				PRODUCT_NAME = "$(TARGET_NAME)";
				SWIFT_VERSION = 5.0;
				TARGETED_DEVICE_FAMILY = "1,2";
			};
			name = Debug;
		};
		B7C7A161266E7E39007DB473 /* Release */ = {
			isa = XCBuildConfiguration;
			buildSettings = {
				ASSETCATALOG_COMPILER_APPICON_NAME = AppIcon;
				ASSETCATALOG_COMPILER_GLOBAL_ACCENT_COLOR_NAME = AccentColor;
				CODE_SIGN_ENTITLEMENTS = Oktana/Oktana.entitlements;
				CODE_SIGN_STYLE = Automatic;
				DEVELOPMENT_TEAM = P289J6CTPZ;
				INFOPLIST_FILE = Oktana/Info.plist;
				LD_RUNPATH_SEARCH_PATHS = (
					"$(inherited)",
					"@executable_path/Frameworks",
				);
				PRODUCT_BUNDLE_IDENTIFIER = AppleDeveloperAcademyBinus.Oktana;
				PRODUCT_NAME = "$(TARGET_NAME)";
				SWIFT_VERSION = 5.0;
				TARGETED_DEVICE_FAMILY = "1,2";
			};
			name = Release;
		};
/* End XCBuildConfiguration section */

/* Begin XCConfigurationList section */
		991D9B6B267A0CE500D8AA82 /* Build configuration list for PBXNativeTarget "OktanaWatch Extension" */ = {
			isa = XCConfigurationList;
			buildConfigurations = (
				991D9B65267A0CE500D8AA82 /* Debug */,
				991D9B66267A0CE500D8AA82 /* Release */,
			);
			defaultConfigurationIsVisible = 0;
			defaultConfigurationName = Release;
		};
		991D9B6C267A0CE500D8AA82 /* Build configuration list for PBXNativeTarget "OktanaWatch" */ = {
			isa = XCConfigurationList;
			buildConfigurations = (
				991D9B62267A0CE500D8AA82 /* Debug */,
				991D9B63267A0CE500D8AA82 /* Release */,
			);
			defaultConfigurationIsVisible = 0;
			defaultConfigurationName = Release;
		};
		991D9B6D267A0CE500D8AA82 /* Build configuration list for PBXNativeTarget "OktanaWatchTests" */ = {
			isa = XCConfigurationList;
			buildConfigurations = (
				991D9B67267A0CE500D8AA82 /* Debug */,
				991D9B68267A0CE500D8AA82 /* Release */,
			);
			defaultConfigurationIsVisible = 0;
			defaultConfigurationName = Release;
		};
		991D9B6E267A0CE500D8AA82 /* Build configuration list for PBXNativeTarget "OktanaWatchUITests" */ = {
			isa = XCConfigurationList;
			buildConfigurations = (
				991D9B69267A0CE500D8AA82 /* Debug */,
				991D9B6A267A0CE500D8AA82 /* Release */,
			);
			defaultConfigurationIsVisible = 0;
			defaultConfigurationName = Release;
		};
		B7C7A143266E7E38007DB473 /* Build configuration list for PBXProject "Oktana" */ = {
			isa = XCConfigurationList;
			buildConfigurations = (
				B7C7A15D266E7E39007DB473 /* Debug */,
				B7C7A15E266E7E39007DB473 /* Release */,
			);
			defaultConfigurationIsVisible = 0;
			defaultConfigurationName = Release;
		};
		B7C7A15F266E7E39007DB473 /* Build configuration list for PBXNativeTarget "Oktana" */ = {
			isa = XCConfigurationList;
			buildConfigurations = (
				B7C7A160266E7E39007DB473 /* Debug */,
				B7C7A161266E7E39007DB473 /* Release */,
			);
			defaultConfigurationIsVisible = 0;
			defaultConfigurationName = Release;
		};
/* End XCConfigurationList section */

/* Begin XCVersionGroup section */
		B7C7A154266E7E38007DB473 /* Oktana.xcdatamodeld */ = {
			isa = XCVersionGroup;
			children = (
				B7C7A155266E7E38007DB473 /* Oktana.xcdatamodel */,
			);
			currentVersion = B7C7A155266E7E38007DB473 /* Oktana.xcdatamodel */;
			path = Oktana.xcdatamodeld;
			sourceTree = "<group>";
			versionGroupType = wrapper.xcdatamodel;
		};
/* End XCVersionGroup section */
	};
	rootObject = B7C7A140266E7E38007DB473 /* Project object */;
}
